// !$*UTF8*$!
{
	archiveVersion = 1;
	classes = {
	};
	objectVersion = 46;
	objects = {

/* Begin PBXBuildFile section */
		2C6BD5291B26EBEB0013FC4B /* AppDelegate.swift in Sources */ = {isa = PBXBuildFile; fileRef = 2C6BD5281B26EBEB0013FC4B /* AppDelegate.swift */; };
		2C6BD52B1B26EBEB0013FC4B /* ViewController.swift in Sources */ = {isa = PBXBuildFile; fileRef = 2C6BD52A1B26EBEB0013FC4B /* ViewController.swift */; };
		2C6BD52E1B26EBEB0013FC4B /* Main.storyboard in Resources */ = {isa = PBXBuildFile; fileRef = 2C6BD52C1B26EBEB0013FC4B /* Main.storyboard */; };
		2C6BD5301B26EBEB0013FC4B /* Images.xcassets in Resources */ = {isa = PBXBuildFile; fileRef = 2C6BD52F1B26EBEB0013FC4B /* Images.xcassets */; };
		2C6BD5331B26EBEB0013FC4B /* LaunchScreen.xib in Resources */ = {isa = PBXBuildFile; fileRef = 2C6BD5311B26EBEB0013FC4B /* LaunchScreen.xib */; };
		2C6BD53F1B26EBEB0013FC4B /* ModelObserverTests.swift in Sources */ = {isa = PBXBuildFile; fileRef = 2C6BD53E1B26EBEB0013FC4B /* ModelObserverTests.swift */; };
		2C6BD5491B26EC440013FC4B /* Model.swift in Sources */ = {isa = PBXBuildFile; fileRef = 2C6BD5481B26EC440013FC4B /* Model.swift */; };
/* End PBXBuildFile section */

/* Begin PBXContainerItemProxy section */
		2C6BD5391B26EBEB0013FC4B /* PBXContainerItemProxy */ = {
			isa = PBXContainerItemProxy;
			containerPortal = 2C6BD51B1B26EBEA0013FC4B /* Project object */;
			proxyType = 1;
			remoteGlobalIDString = 2C6BD5221B26EBEB0013FC4B;
			remoteInfo = ModelObserver;
		};
/* End PBXContainerItemProxy section */

/* Begin PBXFileReference section */
		2C6BD5231B26EBEB0013FC4B /* ModelObserver.app */ = {isa = PBXFileReference; explicitFileType = wrapper.application; includeInIndex = 0; path = ModelObserver.app; sourceTree = BUILT_PRODUCTS_DIR; };
		2C6BD5271B26EBEB0013FC4B /* Info.plist */ = {isa = PBXFileReference; lastKnownFileType = text.plist.xml; path = Info.plist; sourceTree = "<group>"; };
		2C6BD5281B26EBEB0013FC4B /* AppDelegate.swift */ = {isa = PBXFileReference; lastKnownFileType = sourcecode.swift; path = AppDelegate.swift; sourceTree = "<group>"; };
		2C6BD52A1B26EBEB0013FC4B /* ViewController.swift */ = {isa = PBXFileReference; lastKnownFileType = sourcecode.swift; path = ViewController.swift; sourceTree = "<group>"; };
		2C6BD52D1B26EBEB0013FC4B /* Base */ = {isa = PBXFileReference; lastKnownFileType = file.storyboard; name = Base; path = Base.lproj/Main.storyboard; sourceTree = "<group>"; };
		2C6BD52F1B26EBEB0013FC4B /* Images.xcassets */ = {isa = PBXFileReference; lastKnownFileType = folder.assetcatalog; path = Images.xcassets; sourceTree = "<group>"; };
		2C6BD5321B26EBEB0013FC4B /* Base */ = {isa = PBXFileReference; lastKnownFileType = file.xib; name = Base; path = Base.lproj/LaunchScreen.xib; sourceTree = "<group>"; };
		2C6BD5381B26EBEB0013FC4B /* ModelObserverTests.xctest */ = {isa = PBXFileReference; explicitFileType = wrapper.cfbundle; includeInIndex = 0; path = ModelObserverTests.xctest; sourceTree = BUILT_PRODUCTS_DIR; };
		2C6BD53D1B26EBEB0013FC4B /* Info.plist */ = {isa = PBXFileReference; lastKnownFileType = text.plist.xml; path = Info.plist; sourceTree = "<group>"; };
		2C6BD53E1B26EBEB0013FC4B /* ModelObserverTests.swift */ = {isa = PBXFileReference; lastKnownFileType = sourcecode.swift; path = ModelObserverTests.swift; sourceTree = "<group>"; };
		2C6BD5481B26EC440013FC4B /* Model.swift */ = {isa = PBXFileReference; fileEncoding = 4; lastKnownFileType = sourcecode.swift; path = Model.swift; sourceTree = "<group>"; };
/* End PBXFileReference section */

/* Begin PBXFrameworksBuildPhase section */
		2C6BD5201B26EBEB0013FC4B /* Frameworks */ = {
			isa = PBXFrameworksBuildPhase;
			buildActionMask = 2147483647;
			files = (
			);
			runOnlyForDeploymentPostprocessing = 0;
		};
		2C6BD5351B26EBEB0013FC4B /* Frameworks */ = {
			isa = PBXFrameworksBuildPhase;
			buildActionMask = 2147483647;
			files = (
			);
			runOnlyForDeploymentPostprocessing = 0;
		};
/* End PBXFrameworksBuildPhase section */

/* Begin PBXGroup section */
		2C6BD51A1B26EBEA0013FC4B = {
			isa = PBXGroup;
			children = (
				2C6BD5251B26EBEB0013FC4B /* ModelObserver */,
				2C6BD53B1B26EBEB0013FC4B /* ModelObserverTests */,
				2C6BD5241B26EBEB0013FC4B /* Products */,
			);
			sourceTree = "<group>";
		};
		2C6BD5241B26EBEB0013FC4B /* Products */ = {
			isa = PBXGroup;
			children = (
				2C6BD5231B26EBEB0013FC4B /* ModelObserver.app */,
				2C6BD5381B26EBEB0013FC4B /* ModelObserverTests.xctest */,
			);
			name = Products;
			sourceTree = "<group>";
		};
		2C6BD5251B26EBEB0013FC4B /* ModelObserver */ = {
			isa = PBXGroup;
			children = (
				2C6BD5281B26EBEB0013FC4B /* AppDelegate.swift */,
				2C6BD52A1B26EBEB0013FC4B /* ViewController.swift */,
				2C6BD5481B26EC440013FC4B /* Model.swift */,
				2C6BD52C1B26EBEB0013FC4B /* Main.storyboard */,
				2C6BD52F1B26EBEB0013FC4B /* Images.xcassets */,
				2C6BD5311B26EBEB0013FC4B /* LaunchScreen.xib */,
				2C6BD5261B26EBEB0013FC4B /* Supporting Files */,
			);
			path = ModelObserver;
			sourceTree = "<group>";
		};
		2C6BD5261B26EBEB0013FC4B /* Supporting Files */ = {
			isa = PBXGroup;
			children = (
				2C6BD5271B26EBEB0013FC4B /* Info.plist */,
			);
			name = "Supporting Files";
			sourceTree = "<group>";
		};
		2C6BD53B1B26EBEB0013FC4B /* ModelObserverTests */ = {
			isa = PBXGroup;
			children = (
				2C6BD53E1B26EBEB0013FC4B /* ModelObserverTests.swift */,
				2C6BD53C1B26EBEB0013FC4B /* Supporting Files */,
			);
			path = ModelObserverTests;
			sourceTree = "<group>";
		};
		2C6BD53C1B26EBEB0013FC4B /* Supporting Files */ = {
			isa = PBXGroup;
			children = (
				2C6BD53D1B26EBEB0013FC4B /* Info.plist */,
			);
			name = "Supporting Files";
			sourceTree = "<group>";
		};
/* End PBXGroup section */

/* Begin PBXNativeTarget section */
		2C6BD5221B26EBEB0013FC4B /* ModelObserver */ = {
			isa = PBXNativeTarget;
			buildConfigurationList = 2C6BD5421B26EBEB0013FC4B /* Build configuration list for PBXNativeTarget "ModelObserver" */;
			buildPhases = (
				2C6BD51F1B26EBEB0013FC4B /* Sources */,
				2C6BD5201B26EBEB0013FC4B /* Frameworks */,
				2C6BD5211B26EBEB0013FC4B /* Resources */,
			);
			buildRules = (
			);
			dependencies = (
			);
			name = ModelObserver;
			productName = ModelObserver;
			productReference = 2C6BD5231B26EBEB0013FC4B /* ModelObserver.app */;
			productType = "com.apple.product-type.application";
		};
		2C6BD5371B26EBEB0013FC4B /* ModelObserverTests */ = {
			isa = PBXNativeTarget;
			buildConfigurationList = 2C6BD5451B26EBEB0013FC4B /* Build configuration list for PBXNativeTarget "ModelObserverTests" */;
			buildPhases = (
				2C6BD5341B26EBEB0013FC4B /* Sources */,
				2C6BD5351B26EBEB0013FC4B /* Frameworks */,
				2C6BD5361B26EBEB0013FC4B /* Resources */,
			);
			buildRules = (
			);
			dependencies = (
				2C6BD53A1B26EBEB0013FC4B /* PBXTargetDependency */,
			);
			name = ModelObserverTests;
			productName = ModelObserverTests;
			productReference = 2C6BD5381B26EBEB0013FC4B /* ModelObserverTests.xctest */;
			productType = "com.apple.product-type.bundle.unit-test";
		};
/* End PBXNativeTarget section */

/* Begin PBXProject section */
		2C6BD51B1B26EBEA0013FC4B /* Project object */ = {
			isa = PBXProject;
			attributes = {
				LastUpgradeCheck = 0630;
				ORGANIZATIONNAME = "BoTai Technology";
				TargetAttributes = {
					2C6BD5221B26EBEB0013FC4B = {
						CreatedOnToolsVersion = 6.3.2;
					};
					2C6BD5371B26EBEB0013FC4B = {
						CreatedOnToolsVersion = 6.3.2;
						TestTargetID = 2C6BD5221B26EBEB0013FC4B;
					};
				};
			};
			buildConfigurationList = 2C6BD51E1B26EBEA0013FC4B /* Build configuration list for PBXProject "ModelObserver" */;
			compatibilityVersion = "Xcode 3.2";
			developmentRegion = English;
			hasScannedForEncodings = 0;
			knownRegions = (
				en,
				Base,
			);
			mainGroup = 2C6BD51A1B26EBEA0013FC4B;
			productRefGroup = 2C6BD5241B26EBEB0013FC4B /* Products */;
			projectDirPath = "";
			projectRoot = "";
			targets = (
				2C6BD5221B26EBEB0013FC4B /* ModelObserver */,
				2C6BD5371B26EBEB0013FC4B /* ModelObserverTests */,
			);
		};
/* End PBXProject section */

/* Begin PBXResourcesBuildPhase section */
		2C6BD5211B26EBEB0013FC4B /* Resources */ = {
			isa = PBXResourcesBuildPhase;
			buildActionMask = 2147483647;
			files = (
				2C6BD52E1B26EBEB0013FC4B /* Main.storyboard in Resources */,
				2C6BD5331B26EBEB0013FC4B /* LaunchScreen.xib in Resources */,
				2C6BD5301B26EBEB0013FC4B /* Images.xcassets in Resources */,
			);
			runOnlyForDeploymentPostprocessing = 0;
		};
		2C6BD5361B26EBEB0013FC4B /* Resources */ = {
			isa = PBXResourcesBuildPhase;
			buildActionMask = 2147483647;
			files = (
			);
			runOnlyForDeploymentPostprocessing = 0;
		};
/* End PBXResourcesBuildPhase section */

/* Begin PBXSourcesBuildPhase section */
		2C6BD51F1B26EBEB0013FC4B /* Sources */ = {
			isa = PBXSourcesBuildPhase;
			buildActionMask = 2147483647;
			files = (
				2C6BD5491B26EC440013FC4B /* Model.swift in Sources */,
				2C6BD52B1B26EBEB0013FC4B /* ViewController.swift in Sources */,
				2C6BD5291B26EBEB0013FC4B /* AppDelegate.swift in Sources */,
			);
			runOnlyForDeploymentPostprocessing = 0;
		};
		2C6BD5341B26EBEB0013FC4B /* Sources */ = {
			isa = PBXSourcesBuildPhase;
			buildActionMask = 2147483647;
			files = (
				2C6BD53F1B26EBEB0013FC4B /* ModelObserverTests.swift in Sources */,
			);
			runOnlyForDeploymentPostprocessing = 0;
		};
/* End PBXSourcesBuildPhase section */

/* Begin PBXTargetDependency section */
		2C6BD53A1B26EBEB0013FC4B /* PBXTargetDependency */ = {
			isa = PBXTargetDependency;
			target = 2C6BD5221B26EBEB0013FC4B /* ModelObserver */;
			targetProxy = 2C6BD5391B26EBEB0013FC4B /* PBXContainerItemProxy */;
		};
/* End PBXTargetDependency section */

/* Begin PBXVariantGroup section */
		2C6BD52C1B26EBEB0013FC4B /* Main.storyboard */ = {
			isa = PBXVariantGroup;
			children = (
				2C6BD52D1B26EBEB0013FC4B /* Base */,
			);
			name = Main.storyboard;
			sourceTree = "<group>";
		};
		2C6BD5311B26EBEB0013FC4B /* LaunchScreen.xib */ = {
			isa = PBXVariantGroup;
			children = (
				2C6BD5321B26EBEB0013FC4B /* Base */,
			);
			name = LaunchScreen.xib;
			sourceTree = "<group>";
		};
/* End PBXVariantGroup section */

/* Begin XCBuildConfiguration section */
		2C6BD5401B26EBEB0013FC4B /* Debug */ = {
			isa = XCBuildConfiguration;
			buildSettings = {
				ALWAYS_SEARCH_USER_PATHS = NO;
				CLANG_CXX_LANGUAGE_STANDARD = "gnu++0x";
				CLANG_CXX_LIBRARY = "libc++";
				CLANG_ENABLE_MODULES = YES;
				CLANG_ENABLE_OBJC_ARC = YES;
				CLANG_WARN_BOOL_CONVERSION = YES;
				CLANG_WARN_CONSTANT_CONVERSION = YES;
				CLANG_WARN_DIRECT_OBJC_ISA_USAGE = YES_ERROR;
				CLANG_WARN_EMPTY_BODY = YES;
				CLANG_WARN_ENUM_CONVERSION = YES;
				CLANG_WARN_INT_CONVERSION = YES;
				CLANG_WARN_OBJC_ROOT_CLASS = YES_ERROR;
				CLANG_WARN_UNREACHABLE_CODE = YES;
				CLANG_WARN__DUPLICATE_METHOD_MATCH = YES;
				"CODE_SIGN_IDENTITY[sdk=iphoneos*]" = "iPhone Developer";
				COPY_PHASE_STRIP = NO;
				DEBUG_INFORMATION_FORMAT = "dwarf-with-dsym";
				ENABLE_STRICT_OBJC_MSGSEND = YES;
				GCC_C_LANGUAGE_STANDARD = gnu99;
				GCC_DYNAMIC_NO_PIC = NO;
				GCC_NO_COMMON_BLOCKS = YES;
				GCC_OPTIMIZATION_LEVEL = 0;
				GCC_PREPROCESSOR_DEFINITIONS = (
					"DEBUG=1",
					"$(inherited)",
				);
				GCC_SYMBOLS_PRIVATE_EXTERN = NO;
				GCC_WARN_64_TO_32_BIT_CONVERSION = YES;
				GCC_WARN_ABOUT_RETURN_TYPE = YES_ERROR;
				GCC_WARN_UNDECLARED_SELECTOR = YES;
				GCC_WARN_UNINITIALIZED_AUTOS = YES_AGGRESSIVE;
				GCC_WARN_UNUSED_FUNCTION = YES;
				GCC_WARN_UNUSED_VARIABLE = YES;
				IPHONEOS_DEPLOYMENT_TARGET = 8.3;
				MTL_ENABLE_DEBUG_INFO = YES;
				ONLY_ACTIVE_ARCH = YES;
				SDKROOT = iphoneos;
				SWIFT_OPTIMIZATION_LEVEL = "-Onone";
				TARGETED_DEVICE_FAMILY = "1,2";
			};
			name = Debug;
		};
		2C6BD5411B26EBEB0013FC4B /* Release */ = {
			isa = XCBuildConfiguration;
			buildSettings = {
				ALWAYS_SEARCH_USER_PATHS = NO;
				CLANG_CXX_LANGUAGE_STANDARD = "gnu++0x";
				CLANG_CXX_LIBRARY = "libc++";
				CLANG_ENABLE_MODULES = YES;
				CLANG_ENABLE_OBJC_ARC = YES;
				CLANG_WARN_BOOL_CONVERSION = YES;
				CLANG_WARN_CONSTANT_CONVERSION = YES;
				CLANG_WARN_DIRECT_OBJC_ISA_USAGE = YES_ERROR;
				CLANG_WARN_EMPTY_BODY = YES;
				CLANG_WARN_ENUM_CONVERSION = YES;
				CLANG_WARN_INT_CONVERSION = YES;
				CLANG_WARN_OBJC_ROOT_CLASS = YES_ERROR;
				CLANG_WARN_UNREACHABLE_CODE = YES;
				CLANG_WARN__DUPLICATE_METHOD_MATCH = YES;
				"CODE_SIGN_IDENTITY[sdk=iphoneos*]" = "iPhone Developer";
				COPY_PHASE_STRIP = NO;
				DEBUG_INFORMATION_FORMAT = "dwarf-with-dsym";
				ENABLE_NS_ASSERTIONS = NO;
				ENABLE_STRICT_OBJC_MSGSEND = YES;
				GCC_C_LANGUAGE_STANDARD = gnu99;
				GCC_NO_COMMON_BLOCKS = YES;
				GCC_WARN_64_TO_32_BIT_CONVERSION = YES;
				GCC_WARN_ABOUT_RETURN_TYPE = YES_ERROR;
				GCC_WARN_UNDECLARED_SELECTOR = YES;
				GCC_WARN_UNINITIALIZED_AUTOS = YES_AGGRESSIVE;
				GCC_WARN_UNUSED_FUNCTION = YES;
				GCC_WARN_UNUSED_VARIABLE = YES;
				IPHONEOS_DEPLOYMENT_TARGET = 8.3;
				MTL_ENABLE_DEBUG_INFO = NO;
				SDKROOT = iphoneos;
				TARGETED_DEVICE_FAMILY = "1,2";
				VALIDATE_PRODUCT = YES;
			};
			name = Release;
		};
		2C6BD5431B26EBEB0013FC4B /* Debug */ = {
			isa = XCBuildConfiguration;
			buildSettings = {
				ASSETCATALOG_COMPILER_APPICON_NAME = AppIcon;
				INFOPLIST_FILE = ModelObserver/Info.plist;
				LD_RUNPATH_SEARCH_PATHS = "$(inherited) @executable_path/Frameworks";
				PRODUCT_NAME = "$(TARGET_NAME)";
			};
			name = Debug;
		};
		2C6BD5441B26EBEB0013FC4B /* Release */ = {
			isa = XCBuildConfiguration;
			buildSettings = {
				ASSETCATALOG_COMPILER_APPICON_NAME = AppIcon;
				INFOPLIST_FILE = ModelObserver/Info.plist;
				LD_RUNPATH_SEARCH_PATHS = "$(inherited) @executable_path/Frameworks";
				PRODUCT_NAME = "$(TARGET_NAME)";
			};
			name = Release;
		};
		2C6BD5461B26EBEB0013FC4B /* Debug */ = {
			isa = XCBuildConfiguration;
			buildSettings = {
				BUNDLE_LOADER = "$(TEST_HOST)";
				FRAMEWORK_SEARCH_PATHS = (
					"$(SDKROOT)/Developer/Library/Frameworks",
					"$(inherited)",
				);
				GCC_PREPROCESSOR_DEFINITIONS = (
					"DEBUG=1",
					"$(inherited)",
				);
				INFOPLIST_FILE = ModelObserverTests/Info.plist;
				LD_RUNPATH_SEARCH_PATHS = "$(inherited) @executable_path/Frameworks @loader_path/Frameworks";
				PRODUCT_NAME = "$(TARGET_NAME)";
				TEST_HOST = "$(BUILT_PRODUCTS_DIR)/ModelObserver.app/ModelObserver";
			};
			name = Debug;
		};
		2C6BD5471B26EBEB0013FC4B /* Release */ = {
			isa = XCBuildConfiguration;
			buildSettings = {
				BUNDLE_LOADER = "$(TEST_HOST)";
				FRAMEWORK_SEARCH_PATHS = (
					"$(SDKROOT)/Developer/Library/Frameworks",
					"$(inherited)",
				);
				INFOPLIST_FILE = ModelObserverTests/Info.plist;
				LD_RUNPATH_SEARCH_PATHS = "$(inherited) @executable_path/Frameworks @loader_path/Frameworks";
				PRODUCT_NAME = "$(TARGET_NAME)";
				TEST_HOST = "$(BUILT_PRODUCTS_DIR)/ModelObserver.app/ModelObserver";
			};
			name = Release;
		};
/* End XCBuildConfiguration section */

/* Begin XCConfigurationList section */
		2C6BD51E1B26EBEA0013FC4B /* Build configuration list for PBXProject "ModelObserver" */ = {
			isa = XCConfigurationList;
			buildConfigurations = (
				2C6BD5401B26EBEB0013FC4B /* Debug */,
				2C6BD5411B26EBEB0013FC4B /* Release */,
			);
			defaultConfigurationIsVisible = 0;
			defaultConfigurationName = Release;
		};
		2C6BD5421B26EBEB0013FC4B /* Build configuration list for PBXNativeTarget "ModelObserver" */ = {
			isa = XCConfigurationList;
			buildConfigurations = (
				2C6BD5431B26EBEB0013FC4B /* Debug */,
				2C6BD5441B26EBEB0013FC4B /* Release */,
			);
			defaultConfigurationIsVisible = 0;
		};
		2C6BD5451B26EBEB0013FC4B /* Build configuration list for PBXNativeTarget "ModelObserverTests" */ = {
			isa = XCConfigurationList;
			buildConfigurations = (
				2C6BD5461B26EBEB0013FC4B /* Debug */,
				2C6BD5471B26EBEB0013FC4B /* Release */,
			);
			defaultConfigurationIsVisible = 0;
		};
/* End XCConfigurationList section */
	};
	rootObject = 2C6BD51B1B26EBEA0013FC4B /* Project object */;
}
