// !$*UTF8*$!
{
	archiveVersion = 1;
	classes = {
	};
	objectVersion = 46;
	objects = {

/* Begin PBXBuildFile section */
		2CF293B41B33C0D600539F76 /* AppDelegate.swift in Sources */ = {isa = PBXBuildFile; fileRef = 2CF293B31B33C0D600539F76 /* AppDelegate.swift */; };
		2CF293B61B33C0D600539F76 /* ViewController.swift in Sources */ = {isa = PBXBuildFile; fileRef = 2CF293B51B33C0D600539F76 /* ViewController.swift */; };
		2CF293B91B33C0D600539F76 /* Main.storyboard in Resources */ = {isa = PBXBuildFile; fileRef = 2CF293B71B33C0D600539F76 /* Main.storyboard */; };
		2CF293BB1B33C0D600539F76 /* Images.xcassets in Resources */ = {isa = PBXBuildFile; fileRef = 2CF293BA1B33C0D600539F76 /* Images.xcassets */; };
		2CF293BE1B33C0D600539F76 /* LaunchScreen.xib in Resources */ = {isa = PBXBuildFile; fileRef = 2CF293BC1B33C0D600539F76 /* LaunchScreen.xib */; };
		2CF293CA1B33C0D600539F76 /* DirTreeTests.swift in Sources */ = {isa = PBXBuildFile; fileRef = 2CF293C91B33C0D600539F76 /* DirTreeTests.swift */; };
		2CF293D41B33C31300539F76 /* main in Resources */ = {isa = PBXBuildFile; fileRef = 2CF293D31B33C31300539F76 /* main */; };
		2CF293D51B33C3F300539F76 /* main in Resources */ = {isa = PBXBuildFile; fileRef = 2CF293D31B33C31300539F76 /* main */; };
/* End PBXBuildFile section */

/* Begin PBXContainerItemProxy section */
		2CF293C41B33C0D600539F76 /* PBXContainerItemProxy */ = {
			isa = PBXContainerItemProxy;
			containerPortal = 2CF293A61B33C0D600539F76 /* Project object */;
			proxyType = 1;
			remoteGlobalIDString = 2CF293AD1B33C0D600539F76;
			remoteInfo = DirTree;
		};
/* End PBXContainerItemProxy section */

/* Begin PBXFileReference section */
		2CF293AE1B33C0D600539F76 /* DirTree.app */ = {isa = PBXFileReference; explicitFileType = wrapper.application; includeInIndex = 0; path = DirTree.app; sourceTree = BUILT_PRODUCTS_DIR; };
		2CF293B21B33C0D600539F76 /* Info.plist */ = {isa = PBXFileReference; lastKnownFileType = text.plist.xml; path = Info.plist; sourceTree = "<group>"; };
		2CF293B31B33C0D600539F76 /* AppDelegate.swift */ = {isa = PBXFileReference; lastKnownFileType = sourcecode.swift; path = AppDelegate.swift; sourceTree = "<group>"; };
		2CF293B51B33C0D600539F76 /* ViewController.swift */ = {isa = PBXFileReference; lastKnownFileType = sourcecode.swift; path = ViewController.swift; sourceTree = "<group>"; };
		2CF293B81B33C0D600539F76 /* Base */ = {isa = PBXFileReference; lastKnownFileType = file.storyboard; name = Base; path = Base.lproj/Main.storyboard; sourceTree = "<group>"; };
		2CF293BA1B33C0D600539F76 /* Images.xcassets */ = {isa = PBXFileReference; lastKnownFileType = folder.assetcatalog; path = Images.xcassets; sourceTree = "<group>"; };
		2CF293BD1B33C0D600539F76 /* Base */ = {isa = PBXFileReference; lastKnownFileType = file.xib; name = Base; path = Base.lproj/LaunchScreen.xib; sourceTree = "<group>"; };
		2CF293C31B33C0D600539F76 /* DirTreeTests.xctest */ = {isa = PBXFileReference; explicitFileType = wrapper.cfbundle; includeInIndex = 0; path = DirTreeTests.xctest; sourceTree = BUILT_PRODUCTS_DIR; };
		2CF293C81B33C0D600539F76 /* Info.plist */ = {isa = PBXFileReference; lastKnownFileType = text.plist.xml; path = Info.plist; sourceTree = "<group>"; };
		2CF293C91B33C0D600539F76 /* DirTreeTests.swift */ = {isa = PBXFileReference; lastKnownFileType = sourcecode.swift; path = DirTreeTests.swift; sourceTree = "<group>"; };
		2CF293D31B33C31300539F76 /* main */ = {isa = PBXFileReference; lastKnownFileType = folder; path = main; sourceTree = "<group>"; };
/* End PBXFileReference section */

/* Begin PBXFrameworksBuildPhase section */
		2CF293AB1B33C0D600539F76 /* Frameworks */ = {
			isa = PBXFrameworksBuildPhase;
			buildActionMask = 2147483647;
			files = (
			);
			runOnlyForDeploymentPostprocessing = 0;
		};
		2CF293C01B33C0D600539F76 /* Frameworks */ = {
			isa = PBXFrameworksBuildPhase;
			buildActionMask = 2147483647;
			files = (
			);
			runOnlyForDeploymentPostprocessing = 0;
		};
/* End PBXFrameworksBuildPhase section */

/* Begin PBXGroup section */
		2CF293A51B33C0D600539F76 = {
			isa = PBXGroup;
			children = (
				2CF293B01B33C0D600539F76 /* DirTree */,
				2CF293C61B33C0D600539F76 /* DirTreeTests */,
				2CF293AF1B33C0D600539F76 /* Products */,
			);
			sourceTree = "<group>";
		};
		2CF293AF1B33C0D600539F76 /* Products */ = {
			isa = PBXGroup;
			children = (
				2CF293AE1B33C0D600539F76 /* DirTree.app */,
				2CF293C31B33C0D600539F76 /* DirTreeTests.xctest */,
			);
			name = Products;
			sourceTree = "<group>";
		};
		2CF293B01B33C0D600539F76 /* DirTree */ = {
			isa = PBXGroup;
			children = (
				2CF293D31B33C31300539F76 /* main */,
				2CF293B31B33C0D600539F76 /* AppDelegate.swift */,
				2CF293B51B33C0D600539F76 /* ViewController.swift */,
				2CF293B71B33C0D600539F76 /* Main.storyboard */,
				2CF293BA1B33C0D600539F76 /* Images.xcassets */,
				2CF293BC1B33C0D600539F76 /* LaunchScreen.xib */,
				2CF293B11B33C0D600539F76 /* Supporting Files */,
			);
			path = DirTree;
			sourceTree = "<group>";
		};
		2CF293B11B33C0D600539F76 /* Supporting Files */ = {
			isa = PBXGroup;
			children = (
				2CF293B21B33C0D600539F76 /* Info.plist */,
			);
			name = "Supporting Files";
			sourceTree = "<group>";
		};
		2CF293C61B33C0D600539F76 /* DirTreeTests */ = {
			isa = PBXGroup;
			children = (
				2CF293C91B33C0D600539F76 /* DirTreeTests.swift */,
				2CF293C71B33C0D600539F76 /* Supporting Files */,
			);
			path = DirTreeTests;
			sourceTree = "<group>";
		};
		2CF293C71B33C0D600539F76 /* Supporting Files */ = {
			isa = PBXGroup;
			children = (
				2CF293C81B33C0D600539F76 /* Info.plist */,
			);
			name = "Supporting Files";
			sourceTree = "<group>";
		};
/* End PBXGroup section */

/* Begin PBXNativeTarget section */
		2CF293AD1B33C0D600539F76 /* DirTree */ = {
			isa = PBXNativeTarget;
			buildConfigurationList = 2CF293CD1B33C0D600539F76 /* Build configuration list for PBXNativeTarget "DirTree" */;
			buildPhases = (
				2CF293AA1B33C0D600539F76 /* Sources */,
				2CF293AB1B33C0D600539F76 /* Frameworks */,
				2CF293AC1B33C0D600539F76 /* Resources */,
			);
			buildRules = (
			);
			dependencies = (
			);
			name = DirTree;
			productName = DirTree;
			productReference = 2CF293AE1B33C0D600539F76 /* DirTree.app */;
			productType = "com.apple.product-type.application";
		};
		2CF293C21B33C0D600539F76 /* DirTreeTests */ = {
			isa = PBXNativeTarget;
			buildConfigurationList = 2CF293D01B33C0D600539F76 /* Build configuration list for PBXNativeTarget "DirTreeTests" */;
			buildPhases = (
				2CF293BF1B33C0D600539F76 /* Sources */,
				2CF293C01B33C0D600539F76 /* Frameworks */,
				2CF293C11B33C0D600539F76 /* Resources */,
			);
			buildRules = (
			);
			dependencies = (
				2CF293C51B33C0D600539F76 /* PBXTargetDependency */,
			);
			name = DirTreeTests;
			productName = DirTreeTests;
			productReference = 2CF293C31B33C0D600539F76 /* DirTreeTests.xctest */;
			productType = "com.apple.product-type.bundle.unit-test";
		};
/* End PBXNativeTarget section */

/* Begin PBXProject section */
		2CF293A61B33C0D600539F76 /* Project object */ = {
			isa = PBXProject;
			attributes = {
				LastUpgradeCheck = 0630;
				ORGANIZATIONNAME = "BoTai Technology";
				TargetAttributes = {
					2CF293AD1B33C0D600539F76 = {
						CreatedOnToolsVersion = 6.3.2;
					};
					2CF293C21B33C0D600539F76 = {
						CreatedOnToolsVersion = 6.3.2;
						TestTargetID = 2CF293AD1B33C0D600539F76;
					};
				};
			};
			buildConfigurationList = 2CF293A91B33C0D600539F76 /* Build configuration list for PBXProject "DirTree" */;
			compatibilityVersion = "Xcode 3.2";
			developmentRegion = English;
			hasScannedForEncodings = 0;
			knownRegions = (
				en,
				Base,
			);
			mainGroup = 2CF293A51B33C0D600539F76;
			productRefGroup = 2CF293AF1B33C0D600539F76 /* Products */;
			projectDirPath = "";
			projectRoot = "";
			targets = (
				2CF293AD1B33C0D600539F76 /* DirTree */,
				2CF293C21B33C0D600539F76 /* DirTreeTests */,
			);
		};
/* End PBXProject section */

/* Begin PBXResourcesBuildPhase section */
		2CF293AC1B33C0D600539F76 /* Resources */ = {
			isa = PBXResourcesBuildPhase;
			buildActionMask = 2147483647;
			files = (
				2CF293B91B33C0D600539F76 /* Main.storyboard in Resources */,
				2CF293D41B33C31300539F76 /* main in Resources */,
				2CF293BE1B33C0D600539F76 /* LaunchScreen.xib in Resources */,
				2CF293BB1B33C0D600539F76 /* Images.xcassets in Resources */,
			);
			runOnlyForDeploymentPostprocessing = 0;
		};
		2CF293C11B33C0D600539F76 /* Resources */ = {
			isa = PBXResourcesBuildPhase;
			buildActionMask = 2147483647;
			files = (
				2CF293D51B33C3F300539F76 /* main in Resources */,
			);
			runOnlyForDeploymentPostprocessing = 0;
		};
/* End PBXResourcesBuildPhase section */

/* Begin PBXSourcesBuildPhase section */
		2CF293AA1B33C0D600539F76 /* Sources */ = {
			isa = PBXSourcesBuildPhase;
			buildActionMask = 2147483647;
			files = (
				2CF293B61B33C0D600539F76 /* ViewController.swift in Sources */,
				2CF293B41B33C0D600539F76 /* AppDelegate.swift in Sources */,
			);
			runOnlyForDeploymentPostprocessing = 0;
		};
		2CF293BF1B33C0D600539F76 /* Sources */ = {
			isa = PBXSourcesBuildPhase;
			buildActionMask = 2147483647;
			files = (
				2CF293CA1B33C0D600539F76 /* DirTreeTests.swift in Sources */,
			);
			runOnlyForDeploymentPostprocessing = 0;
		};
/* End PBXSourcesBuildPhase section */

/* Begin PBXTargetDependency section */
		2CF293C51B33C0D600539F76 /* PBXTargetDependency */ = {
			isa = PBXTargetDependency;
			target = 2CF293AD1B33C0D600539F76 /* DirTree */;
			targetProxy = 2CF293C41B33C0D600539F76 /* PBXContainerItemProxy */;
		};
/* End PBXTargetDependency section */

/* Begin PBXVariantGroup section */
		2CF293B71B33C0D600539F76 /* Main.storyboard */ = {
			isa = PBXVariantGroup;
			children = (
				2CF293B81B33C0D600539F76 /* Base */,
			);
			name = Main.storyboard;
			sourceTree = "<group>";
		};
		2CF293BC1B33C0D600539F76 /* LaunchScreen.xib */ = {
			isa = PBXVariantGroup;
			children = (
				2CF293BD1B33C0D600539F76 /* Base */,
			);
			name = LaunchScreen.xib;
			sourceTree = "<group>";
		};
/* End PBXVariantGroup section */

/* Begin XCBuildConfiguration section */
		2CF293CB1B33C0D600539F76 /* Debug */ = {
			isa = XCBuildConfiguration;
			buildSettings = {
				ALWAYS_SEARCH_USER_PATHS = NO;
				CLANG_CXX_LANGUAGE_STANDARD = "gnu++0x";
				CLANG_CXX_LIBRARY = "libc++";
				CLANG_ENABLE_MODULES = YES;
				CLANG_ENABLE_OBJC_ARC = YES;
				CLANG_WARN_BOOL_CONVERSION = YES;
				CLANG_WARN_CONSTANT_CONVERSION = YES;
				CLANG_WARN_DIRECT_OBJC_ISA_USAGE = YES_ERROR;
				CLANG_WARN_EMPTY_BODY = YES;
				CLANG_WARN_ENUM_CONVERSION = YES;
				CLANG_WARN_INT_CONVERSION = YES;
				CLANG_WARN_OBJC_ROOT_CLASS = YES_ERROR;
				CLANG_WARN_UNREACHABLE_CODE = YES;
				CLANG_WARN__DUPLICATE_METHOD_MATCH = YES;
				"CODE_SIGN_IDENTITY[sdk=iphoneos*]" = "iPhone Developer";
				COPY_PHASE_STRIP = NO;
				DEBUG_INFORMATION_FORMAT = "dwarf-with-dsym";
				ENABLE_STRICT_OBJC_MSGSEND = YES;
				GCC_C_LANGUAGE_STANDARD = gnu99;
				GCC_DYNAMIC_NO_PIC = NO;
				GCC_NO_COMMON_BLOCKS = YES;
				GCC_OPTIMIZATION_LEVEL = 0;
				GCC_PREPROCESSOR_DEFINITIONS = (
					"DEBUG=1",
					"$(inherited)",
				);
				GCC_SYMBOLS_PRIVATE_EXTERN = NO;
				GCC_WARN_64_TO_32_BIT_CONVERSION = YES;
				GCC_WARN_ABOUT_RETURN_TYPE = YES_ERROR;
				GCC_WARN_UNDECLARED_SELECTOR = YES;
				GCC_WARN_UNINITIALIZED_AUTOS = YES_AGGRESSIVE;
				GCC_WARN_UNUSED_FUNCTION = YES;
				GCC_WARN_UNUSED_VARIABLE = YES;
				IPHONEOS_DEPLOYMENT_TARGET = 8.3;
				MTL_ENABLE_DEBUG_INFO = YES;
				ONLY_ACTIVE_ARCH = YES;
				SDKROOT = iphoneos;
				SWIFT_OPTIMIZATION_LEVEL = "-Onone";
				TARGETED_DEVICE_FAMILY = "1,2";
			};
			name = Debug;
		};
		2CF293CC1B33C0D600539F76 /* Release */ = {
			isa = XCBuildConfiguration;
			buildSettings = {
				ALWAYS_SEARCH_USER_PATHS = NO;
				CLANG_CXX_LANGUAGE_STANDARD = "gnu++0x";
				CLANG_CXX_LIBRARY = "libc++";
				CLANG_ENABLE_MODULES = YES;
				CLANG_ENABLE_OBJC_ARC = YES;
				CLANG_WARN_BOOL_CONVERSION = YES;
				CLANG_WARN_CONSTANT_CONVERSION = YES;
				CLANG_WARN_DIRECT_OBJC_ISA_USAGE = YES_ERROR;
				CLANG_WARN_EMPTY_BODY = YES;
				CLANG_WARN_ENUM_CONVERSION = YES;
				CLANG_WARN_INT_CONVERSION = YES;
				CLANG_WARN_OBJC_ROOT_CLASS = YES_ERROR;
				CLANG_WARN_UNREACHABLE_CODE = YES;
				CLANG_WARN__DUPLICATE_METHOD_MATCH = YES;
				"CODE_SIGN_IDENTITY[sdk=iphoneos*]" = "iPhone Developer";
				COPY_PHASE_STRIP = NO;
				DEBUG_INFORMATION_FORMAT = "dwarf-with-dsym";
				ENABLE_NS_ASSERTIONS = NO;
				ENABLE_STRICT_OBJC_MSGSEND = YES;
				GCC_C_LANGUAGE_STANDARD = gnu99;
				GCC_NO_COMMON_BLOCKS = YES;
				GCC_WARN_64_TO_32_BIT_CONVERSION = YES;
				GCC_WARN_ABOUT_RETURN_TYPE = YES_ERROR;
				GCC_WARN_UNDECLARED_SELECTOR = YES;
				GCC_WARN_UNINITIALIZED_AUTOS = YES_AGGRESSIVE;
				GCC_WARN_UNUSED_FUNCTION = YES;
				GCC_WARN_UNUSED_VARIABLE = YES;
				IPHONEOS_DEPLOYMENT_TARGET = 8.3;
				MTL_ENABLE_DEBUG_INFO = NO;
				SDKROOT = iphoneos;
				TARGETED_DEVICE_FAMILY = "1,2";
				VALIDATE_PRODUCT = YES;
			};
			name = Release;
		};
		2CF293CE1B33C0D600539F76 /* Debug */ = {
			isa = XCBuildConfiguration;
			buildSettings = {
				ASSETCATALOG_COMPILER_APPICON_NAME = AppIcon;
				INFOPLIST_FILE = DirTree/Info.plist;
				LD_RUNPATH_SEARCH_PATHS = "$(inherited) @executable_path/Frameworks";
				PRODUCT_NAME = "$(TARGET_NAME)";
			};
			name = Debug;
		};
		2CF293CF1B33C0D600539F76 /* Release */ = {
			isa = XCBuildConfiguration;
			buildSettings = {
				ASSETCATALOG_COMPILER_APPICON_NAME = AppIcon;
				INFOPLIST_FILE = DirTree/Info.plist;
				LD_RUNPATH_SEARCH_PATHS = "$(inherited) @executable_path/Frameworks";
				PRODUCT_NAME = "$(TARGET_NAME)";
			};
			name = Release;
		};
		2CF293D11B33C0D600539F76 /* Debug */ = {
			isa = XCBuildConfiguration;
			buildSettings = {
				BUNDLE_LOADER = "$(TEST_HOST)";
				FRAMEWORK_SEARCH_PATHS = (
					"$(SDKROOT)/Developer/Library/Frameworks",
					"$(inherited)",
				);
				GCC_PREPROCESSOR_DEFINITIONS = (
					"DEBUG=1",
					"$(inherited)",
				);
				INFOPLIST_FILE = DirTreeTests/Info.plist;
				LD_RUNPATH_SEARCH_PATHS = "$(inherited) @executable_path/Frameworks @loader_path/Frameworks";
				PRODUCT_NAME = "$(TARGET_NAME)";
				TEST_HOST = "$(BUILT_PRODUCTS_DIR)/DirTree.app/DirTree";
			};
			name = Debug;
		};
		2CF293D21B33C0D600539F76 /* Release */ = {
			isa = XCBuildConfiguration;
			buildSettings = {
				BUNDLE_LOADER = "$(TEST_HOST)";
				FRAMEWORK_SEARCH_PATHS = (
					"$(SDKROOT)/Developer/Library/Frameworks",
					"$(inherited)",
				);
				INFOPLIST_FILE = DirTreeTests/Info.plist;
				LD_RUNPATH_SEARCH_PATHS = "$(inherited) @executable_path/Frameworks @loader_path/Frameworks";
				PRODUCT_NAME = "$(TARGET_NAME)";
				TEST_HOST = "$(BUILT_PRODUCTS_DIR)/DirTree.app/DirTree";
			};
			name = Release;
		};
/* End XCBuildConfiguration section */

/* Begin XCConfigurationList section */
		2CF293A91B33C0D600539F76 /* Build configuration list for PBXProject "DirTree" */ = {
			isa = XCConfigurationList;
			buildConfigurations = (
				2CF293CB1B33C0D600539F76 /* Debug */,
				2CF293CC1B33C0D600539F76 /* Release */,
			);
			defaultConfigurationIsVisible = 0;
			defaultConfigurationName = Release;
		};
		2CF293CD1B33C0D600539F76 /* Build configuration list for PBXNativeTarget "DirTree" */ = {
			isa = XCConfigurationList;
			buildConfigurations = (
				2CF293CE1B33C0D600539F76 /* Debug */,
				2CF293CF1B33C0D600539F76 /* Release */,
			);
			defaultConfigurationIsVisible = 0;
		};
		2CF293D01B33C0D600539F76 /* Build configuration list for PBXNativeTarget "DirTreeTests" */ = {
			isa = XCConfigurationList;
			buildConfigurations = (
				2CF293D11B33C0D600539F76 /* Debug */,
				2CF293D21B33C0D600539F76 /* Release */,
			);
			defaultConfigurationIsVisible = 0;
		};
/* End XCConfigurationList section */
	};
	rootObject = 2CF293A61B33C0D600539F76 /* Project object */;
}
