// !$*UTF8*$!
{
	archiveVersion = 1;
	classes = {
	};
	objectVersion = 46;
	objects = {

/* Begin PBXBuildFile section */
		2C753D2D1B376F390027CE35 /* AppDelegate.swift in Sources */ = {isa = PBXBuildFile; fileRef = 2C753D2C1B376F390027CE35 /* AppDelegate.swift */; };
		2C753D2F1B376F390027CE35 /* ViewController.swift in Sources */ = {isa = PBXBuildFile; fileRef = 2C753D2E1B376F390027CE35 /* ViewController.swift */; };
		2C753D321B376F3A0027CE35 /* Main.storyboard in Resources */ = {isa = PBXBuildFile; fileRef = 2C753D301B376F3A0027CE35 /* Main.storyboard */; };
		2C753D351B376F3A0027CE35 /* CoreDataDemo.xcdatamodeld in Sources */ = {isa = PBXBuildFile; fileRef = 2C753D331B376F3A0027CE35 /* CoreDataDemo.xcdatamodeld */; };
		2C753D371B376F3A0027CE35 /* Assets.xcassets in Resources */ = {isa = PBXBuildFile; fileRef = 2C753D361B376F3A0027CE35 /* Assets.xcassets */; };
		2C753D3A1B376F3A0027CE35 /* LaunchScreen.storyboard in Resources */ = {isa = PBXBuildFile; fileRef = 2C753D381B376F3A0027CE35 /* LaunchScreen.storyboard */; };
		2C753D451B376F3A0027CE35 /* CoreDataDemoTests.swift in Sources */ = {isa = PBXBuildFile; fileRef = 2C753D441B376F3A0027CE35 /* CoreDataDemoTests.swift */; };
		2C753D501B376F3A0027CE35 /* CoreDataDemoUITests.swift in Sources */ = {isa = PBXBuildFile; fileRef = 2C753D4F1B376F3A0027CE35 /* CoreDataDemoUITests.swift */; };
/* End PBXBuildFile section */

/* Begin PBXContainerItemProxy section */
		2C753D411B376F3A0027CE35 /* PBXContainerItemProxy */ = {
			isa = PBXContainerItemProxy;
			containerPortal = 2C753D211B376F390027CE35 /* Project object */;
			proxyType = 1;
			remoteGlobalIDString = 2C753D281B376F390027CE35;
			remoteInfo = CoreDataDemo;
		};
		2C753D4C1B376F3A0027CE35 /* PBXContainerItemProxy */ = {
			isa = PBXContainerItemProxy;
			containerPortal = 2C753D211B376F390027CE35 /* Project object */;
			proxyType = 1;
			remoteGlobalIDString = 2C753D281B376F390027CE35;
			remoteInfo = CoreDataDemo;
		};
/* End PBXContainerItemProxy section */

/* Begin PBXFileReference section */
		2C753D291B376F390027CE35 /* CoreDataDemo.app */ = {isa = PBXFileReference; explicitFileType = wrapper.application; includeInIndex = 0; path = CoreDataDemo.app; sourceTree = BUILT_PRODUCTS_DIR; };
		2C753D2C1B376F390027CE35 /* AppDelegate.swift */ = {isa = PBXFileReference; lastKnownFileType = sourcecode.swift; path = AppDelegate.swift; sourceTree = "<group>"; };
		2C753D2E1B376F390027CE35 /* ViewController.swift */ = {isa = PBXFileReference; lastKnownFileType = sourcecode.swift; path = ViewController.swift; sourceTree = "<group>"; };
		2C753D311B376F3A0027CE35 /* Base */ = {isa = PBXFileReference; lastKnownFileType = file.storyboard; name = Base; path = Base.lproj/Main.storyboard; sourceTree = "<group>"; };
		2C753D341B376F3A0027CE35 /* CoreDataDemo.xcdatamodel */ = {isa = PBXFileReference; lastKnownFileType = wrapper.xcdatamodel; path = CoreDataDemo.xcdatamodel; sourceTree = "<group>"; };
		2C753D361B376F3A0027CE35 /* Assets.xcassets */ = {isa = PBXFileReference; lastKnownFileType = folder.assetcatalog; path = Assets.xcassets; sourceTree = "<group>"; };
		2C753D391B376F3A0027CE35 /* Base */ = {isa = PBXFileReference; lastKnownFileType = file.storyboard; name = Base; path = Base.lproj/LaunchScreen.storyboard; sourceTree = "<group>"; };
		2C753D3B1B376F3A0027CE35 /* Info.plist */ = {isa = PBXFileReference; lastKnownFileType = text.plist.xml; path = Info.plist; sourceTree = "<group>"; };
		2C753D401B376F3A0027CE35 /* CoreDataDemoTests.xctest */ = {isa = PBXFileReference; explicitFileType = wrapper.cfbundle; includeInIndex = 0; path = CoreDataDemoTests.xctest; sourceTree = BUILT_PRODUCTS_DIR; };
		2C753D441B376F3A0027CE35 /* CoreDataDemoTests.swift */ = {isa = PBXFileReference; lastKnownFileType = sourcecode.swift; path = CoreDataDemoTests.swift; sourceTree = "<group>"; };
		2C753D461B376F3A0027CE35 /* Info.plist */ = {isa = PBXFileReference; lastKnownFileType = text.plist.xml; path = Info.plist; sourceTree = "<group>"; };
		2C753D4B1B376F3A0027CE35 /* CoreDataDemoUITests.xctest */ = {isa = PBXFileReference; explicitFileType = wrapper.cfbundle; includeInIndex = 0; path = CoreDataDemoUITests.xctest; sourceTree = BUILT_PRODUCTS_DIR; };
		2C753D4F1B376F3A0027CE35 /* CoreDataDemoUITests.swift */ = {isa = PBXFileReference; lastKnownFileType = sourcecode.swift; path = CoreDataDemoUITests.swift; sourceTree = "<group>"; };
		2C753D511B376F3A0027CE35 /* Info.plist */ = {isa = PBXFileReference; lastKnownFileType = text.plist.xml; path = Info.plist; sourceTree = "<group>"; };
/* End PBXFileReference section */

/* Begin PBXFrameworksBuildPhase section */
		2C753D261B376F390027CE35 /* Frameworks */ = {
			isa = PBXFrameworksBuildPhase;
			buildActionMask = 2147483647;
			files = (
			);
			runOnlyForDeploymentPostprocessing = 0;
		};
		2C753D3D1B376F3A0027CE35 /* Frameworks */ = {
			isa = PBXFrameworksBuildPhase;
			buildActionMask = 2147483647;
			files = (
			);
			runOnlyForDeploymentPostprocessing = 0;
		};
		2C753D481B376F3A0027CE35 /* Frameworks */ = {
			isa = PBXFrameworksBuildPhase;
			buildActionMask = 2147483647;
			files = (
			);
			runOnlyForDeploymentPostprocessing = 0;
		};
/* End PBXFrameworksBuildPhase section */

/* Begin PBXGroup section */
		2C753D201B376F390027CE35 = {
			isa = PBXGroup;
			children = (
				2C753D2B1B376F390027CE35 /* CoreDataDemo */,
				2C753D431B376F3A0027CE35 /* CoreDataDemoTests */,
				2C753D4E1B376F3A0027CE35 /* CoreDataDemoUITests */,
				2C753D2A1B376F390027CE35 /* Products */,
			);
			sourceTree = "<group>";
		};
		2C753D2A1B376F390027CE35 /* Products */ = {
			isa = PBXGroup;
			children = (
				2C753D291B376F390027CE35 /* CoreDataDemo.app */,
				2C753D401B376F3A0027CE35 /* CoreDataDemoTests.xctest */,
				2C753D4B1B376F3A0027CE35 /* CoreDataDemoUITests.xctest */,
			);
			name = Products;
			sourceTree = "<group>";
		};
		2C753D2B1B376F390027CE35 /* CoreDataDemo */ = {
			isa = PBXGroup;
			children = (
				2C753D2C1B376F390027CE35 /* AppDelegate.swift */,
				2C753D2E1B376F390027CE35 /* ViewController.swift */,
				2C753D301B376F3A0027CE35 /* Main.storyboard */,
				2C753D361B376F3A0027CE35 /* Assets.xcassets */,
				2C753D381B376F3A0027CE35 /* LaunchScreen.storyboard */,
				2C753D3B1B376F3A0027CE35 /* Info.plist */,
				2C753D331B376F3A0027CE35 /* CoreDataDemo.xcdatamodeld */,
			);
			path = CoreDataDemo;
			sourceTree = "<group>";
		};
		2C753D431B376F3A0027CE35 /* CoreDataDemoTests */ = {
			isa = PBXGroup;
			children = (
				2C753D441B376F3A0027CE35 /* CoreDataDemoTests.swift */,
				2C753D461B376F3A0027CE35 /* Info.plist */,
			);
			path = CoreDataDemoTests;
			sourceTree = "<group>";
		};
		2C753D4E1B376F3A0027CE35 /* CoreDataDemoUITests */ = {
			isa = PBXGroup;
			children = (
				2C753D4F1B376F3A0027CE35 /* CoreDataDemoUITests.swift */,
				2C753D511B376F3A0027CE35 /* Info.plist */,
			);
			path = CoreDataDemoUITests;
			sourceTree = "<group>";
		};
/* End PBXGroup section */

/* Begin PBXNativeTarget section */
		2C753D281B376F390027CE35 /* CoreDataDemo */ = {
			isa = PBXNativeTarget;
			buildConfigurationList = 2C753D541B376F3A0027CE35 /* Build configuration list for PBXNativeTarget "CoreDataDemo" */;
			buildPhases = (
				2C753D251B376F390027CE35 /* Sources */,
				2C753D261B376F390027CE35 /* Frameworks */,
				2C753D271B376F390027CE35 /* Resources */,
			);
			buildRules = (
			);
			dependencies = (
			);
			name = CoreDataDemo;
			productName = CoreDataDemo;
			productReference = 2C753D291B376F390027CE35 /* CoreDataDemo.app */;
			productType = "com.apple.product-type.application";
		};
		2C753D3F1B376F3A0027CE35 /* CoreDataDemoTests */ = {
			isa = PBXNativeTarget;
			buildConfigurationList = 2C753D571B376F3A0027CE35 /* Build configuration list for PBXNativeTarget "CoreDataDemoTests" */;
			buildPhases = (
				2C753D3C1B376F3A0027CE35 /* Sources */,
				2C753D3D1B376F3A0027CE35 /* Frameworks */,
				2C753D3E1B376F3A0027CE35 /* Resources */,
			);
			buildRules = (
			);
			dependencies = (
				2C753D421B376F3A0027CE35 /* PBXTargetDependency */,
			);
			name = CoreDataDemoTests;
			productName = CoreDataDemoTests;
			productReference = 2C753D401B376F3A0027CE35 /* CoreDataDemoTests.xctest */;
			productType = "com.apple.product-type.bundle.unit-test";
		};
		2C753D4A1B376F3A0027CE35 /* CoreDataDemoUITests */ = {
			isa = PBXNativeTarget;
			buildConfigurationList = 2C753D5A1B376F3A0027CE35 /* Build configuration list for PBXNativeTarget "CoreDataDemoUITests" */;
			buildPhases = (
				2C753D471B376F3A0027CE35 /* Sources */,
				2C753D481B376F3A0027CE35 /* Frameworks */,
				2C753D491B376F3A0027CE35 /* Resources */,
			);
			buildRules = (
			);
			dependencies = (
				2C753D4D1B376F3A0027CE35 /* PBXTargetDependency */,
			);
			name = CoreDataDemoUITests;
			productName = CoreDataDemoUITests;
			productReference = 2C753D4B1B376F3A0027CE35 /* CoreDataDemoUITests.xctest */;
			productType = "com.apple.product-type.bundle.ui-testing";
		};
/* End PBXNativeTarget section */

/* Begin PBXProject section */
		2C753D211B376F390027CE35 /* Project object */ = {
			isa = PBXProject;
			attributes = {
				LastUpgradeCheck = 0700;
				ORGANIZATIONNAME = botai;
				TargetAttributes = {
					2C753D281B376F390027CE35 = {
						CreatedOnToolsVersion = 7.0;
					};
					2C753D3F1B376F3A0027CE35 = {
						CreatedOnToolsVersion = 7.0;
						TestTargetID = 2C753D281B376F390027CE35;
					};
					2C753D4A1B376F3A0027CE35 = {
						CreatedOnToolsVersion = 7.0;
						TestTargetID = 2C753D281B376F390027CE35;
					};
				};
			};
			buildConfigurationList = 2C753D241B376F390027CE35 /* Build configuration list for PBXProject "CoreDataDemo" */;
			compatibilityVersion = "Xcode 3.2";
			developmentRegion = English;
			hasScannedForEncodings = 0;
			knownRegions = (
				en,
				Base,
			);
			mainGroup = 2C753D201B376F390027CE35;
			productRefGroup = 2C753D2A1B376F390027CE35 /* Products */;
			projectDirPath = "";
			projectRoot = "";
			targets = (
				2C753D281B376F390027CE35 /* CoreDataDemo */,
				2C753D3F1B376F3A0027CE35 /* CoreDataDemoTests */,
				2C753D4A1B376F3A0027CE35 /* CoreDataDemoUITests */,
			);
		};
/* End PBXProject section */

/* Begin PBXResourcesBuildPhase section */
		2C753D271B376F390027CE35 /* Resources */ = {
			isa = PBXResourcesBuildPhase;
			buildActionMask = 2147483647;
			files = (
				2C753D3A1B376F3A0027CE35 /* LaunchScreen.storyboard in Resources */,
				2C753D371B376F3A0027CE35 /* Assets.xcassets in Resources */,
				2C753D321B376F3A0027CE35 /* Main.storyboard in Resources */,
			);
			runOnlyForDeploymentPostprocessing = 0;
		};
		2C753D3E1B376F3A0027CE35 /* Resources */ = {
			isa = PBXResourcesBuildPhase;
			buildActionMask = 2147483647;
			files = (
			);
			runOnlyForDeploymentPostprocessing = 0;
		};
		2C753D491B376F3A0027CE35 /* Resources */ = {
			isa = PBXResourcesBuildPhase;
			buildActionMask = 2147483647;
			files = (
			);
			runOnlyForDeploymentPostprocessing = 0;
		};
/* End PBXResourcesBuildPhase section */

/* Begin PBXSourcesBuildPhase section */
		2C753D251B376F390027CE35 /* Sources */ = {
			isa = PBXSourcesBuildPhase;
			buildActionMask = 2147483647;
			files = (
				2C753D2F1B376F390027CE35 /* ViewController.swift in Sources */,
				2C753D351B376F3A0027CE35 /* CoreDataDemo.xcdatamodeld in Sources */,
				2C753D2D1B376F390027CE35 /* AppDelegate.swift in Sources */,
			);
			runOnlyForDeploymentPostprocessing = 0;
		};
		2C753D3C1B376F3A0027CE35 /* Sources */ = {
			isa = PBXSourcesBuildPhase;
			buildActionMask = 2147483647;
			files = (
				2C753D451B376F3A0027CE35 /* CoreDataDemoTests.swift in Sources */,
			);
			runOnlyForDeploymentPostprocessing = 0;
		};
		2C753D471B376F3A0027CE35 /* Sources */ = {
			isa = PBXSourcesBuildPhase;
			buildActionMask = 2147483647;
			files = (
				2C753D501B376F3A0027CE35 /* CoreDataDemoUITests.swift in Sources */,
			);
			runOnlyForDeploymentPostprocessing = 0;
		};
/* End PBXSourcesBuildPhase section */

/* Begin PBXTargetDependency section */
		2C753D421B376F3A0027CE35 /* PBXTargetDependency */ = {
			isa = PBXTargetDependency;
			target = 2C753D281B376F390027CE35 /* CoreDataDemo */;
			targetProxy = 2C753D411B376F3A0027CE35 /* PBXContainerItemProxy */;
		};
		2C753D4D1B376F3A0027CE35 /* PBXTargetDependency */ = {
			isa = PBXTargetDependency;
			target = 2C753D281B376F390027CE35 /* CoreDataDemo */;
			targetProxy = 2C753D4C1B376F3A0027CE35 /* PBXContainerItemProxy */;
		};
/* End PBXTargetDependency section */

/* Begin PBXVariantGroup section */
		2C753D301B376F3A0027CE35 /* Main.storyboard */ = {
			isa = PBXVariantGroup;
			children = (
				2C753D311B376F3A0027CE35 /* Base */,
			);
			name = Main.storyboard;
			sourceTree = "<group>";
		};
		2C753D381B376F3A0027CE35 /* LaunchScreen.storyboard */ = {
			isa = PBXVariantGroup;
			children = (
				2C753D391B376F3A0027CE35 /* Base */,
			);
			name = LaunchScreen.storyboard;
			sourceTree = "<group>";
		};
/* End PBXVariantGroup section */

/* Begin XCBuildConfiguration section */
		2C753D521B376F3A0027CE35 /* Debug */ = {
			isa = XCBuildConfiguration;
			buildSettings = {
				ALWAYS_SEARCH_USER_PATHS = NO;
				CLANG_CXX_LANGUAGE_STANDARD = "gnu++0x";
				CLANG_CXX_LIBRARY = "libc++";
				CLANG_ENABLE_MODULES = YES;
				CLANG_ENABLE_OBJC_ARC = YES;
				CLANG_WARN_BOOL_CONVERSION = YES;
				CLANG_WARN_CONSTANT_CONVERSION = YES;
				CLANG_WARN_DIRECT_OBJC_ISA_USAGE = YES_ERROR;
				CLANG_WARN_EMPTY_BODY = YES;
				CLANG_WARN_ENUM_CONVERSION = YES;
				CLANG_WARN_INT_CONVERSION = YES;
				CLANG_WARN_OBJC_ROOT_CLASS = YES_ERROR;
				CLANG_WARN_UNREACHABLE_CODE = YES;
				CLANG_WARN__DUPLICATE_METHOD_MATCH = YES;
				"CODE_SIGN_IDENTITY[sdk=iphoneos*]" = "iPhone Developer";
				COPY_PHASE_STRIP = NO;
				DEBUG_INFORMATION_FORMAT = dwarf;
				ENABLE_STRICT_OBJC_MSGSEND = YES;
				ENABLE_TESTABILITY = YES;
				GCC_C_LANGUAGE_STANDARD = gnu99;
				GCC_DYNAMIC_NO_PIC = NO;
				GCC_NO_COMMON_BLOCKS = YES;
				GCC_OPTIMIZATION_LEVEL = 0;
				GCC_PREPROCESSOR_DEFINITIONS = (
					"DEBUG=1",
					"$(inherited)",
				);
				GCC_WARN_64_TO_32_BIT_CONVERSION = YES;
				GCC_WARN_ABOUT_RETURN_TYPE = YES_ERROR;
				GCC_WARN_UNDECLARED_SELECTOR = YES;
				GCC_WARN_UNINITIALIZED_AUTOS = YES_AGGRESSIVE;
				GCC_WARN_UNUSED_FUNCTION = YES;
				GCC_WARN_UNUSED_VARIABLE = YES;
				IPHONEOS_DEPLOYMENT_TARGET = 9.0;
				MTL_ENABLE_DEBUG_INFO = YES;
				ONLY_ACTIVE_ARCH = YES;
				SDKROOT = iphoneos;
				SWIFT_OPTIMIZATION_LEVEL = "-Onone";
				TARGETED_DEVICE_FAMILY = "1,2";
			};
			name = Debug;
		};
		2C753D531B376F3A0027CE35 /* Release */ = {
			isa = XCBuildConfiguration;
			buildSettings = {
				ALWAYS_SEARCH_USER_PATHS = NO;
				CLANG_CXX_LANGUAGE_STANDARD = "gnu++0x";
				CLANG_CXX_LIBRARY = "libc++";
				CLANG_ENABLE_MODULES = YES;
				CLANG_ENABLE_OBJC_ARC = YES;
				CLANG_WARN_BOOL_CONVERSION = YES;
				CLANG_WARN_CONSTANT_CONVERSION = YES;
				CLANG_WARN_DIRECT_OBJC_ISA_USAGE = YES_ERROR;
				CLANG_WARN_EMPTY_BODY = YES;
				CLANG_WARN_ENUM_CONVERSION = YES;
				CLANG_WARN_INT_CONVERSION = YES;
				CLANG_WARN_OBJC_ROOT_CLASS = YES_ERROR;
				CLANG_WARN_UNREACHABLE_CODE = YES;
				CLANG_WARN__DUPLICATE_METHOD_MATCH = YES;
				"CODE_SIGN_IDENTITY[sdk=iphoneos*]" = "iPhone Developer";
				COPY_PHASE_STRIP = NO;
				DEBUG_INFORMATION_FORMAT = "dwarf-with-dsym";
				ENABLE_NS_ASSERTIONS = NO;
				ENABLE_STRICT_OBJC_MSGSEND = YES;
				GCC_C_LANGUAGE_STANDARD = gnu99;
				GCC_NO_COMMON_BLOCKS = YES;
				GCC_WARN_64_TO_32_BIT_CONVERSION = YES;
				GCC_WARN_ABOUT_RETURN_TYPE = YES_ERROR;
				GCC_WARN_UNDECLARED_SELECTOR = YES;
				GCC_WARN_UNINITIALIZED_AUTOS = YES_AGGRESSIVE;
				GCC_WARN_UNUSED_FUNCTION = YES;
				GCC_WARN_UNUSED_VARIABLE = YES;
				IPHONEOS_DEPLOYMENT_TARGET = 9.0;
				MTL_ENABLE_DEBUG_INFO = NO;
				SDKROOT = iphoneos;
				TARGETED_DEVICE_FAMILY = "1,2";
				VALIDATE_PRODUCT = YES;
			};
			name = Release;
		};
		2C753D551B376F3A0027CE35 /* Debug */ = {
			isa = XCBuildConfiguration;
			buildSettings = {
				ASSETCATALOG_COMPILER_APPICON_NAME = AppIcon;
				INFOPLIST_FILE = CoreDataDemo/Info.plist;
				LD_RUNPATH_SEARCH_PATHS = "$(inherited) @executable_path/Frameworks";
				PRODUCT_BUNDLE_IDENTIFIER = com.botai.CoreDataDemo;
				PRODUCT_NAME = "$(TARGET_NAME)";
			};
			name = Debug;
		};
		2C753D561B376F3A0027CE35 /* Release */ = {
			isa = XCBuildConfiguration;
			buildSettings = {
				ASSETCATALOG_COMPILER_APPICON_NAME = AppIcon;
				INFOPLIST_FILE = CoreDataDemo/Info.plist;
				LD_RUNPATH_SEARCH_PATHS = "$(inherited) @executable_path/Frameworks";
				PRODUCT_BUNDLE_IDENTIFIER = com.botai.CoreDataDemo;
				PRODUCT_NAME = "$(TARGET_NAME)";
			};
			name = Release;
		};
		2C753D581B376F3A0027CE35 /* Debug */ = {
			isa = XCBuildConfiguration;
			buildSettings = {
				BUNDLE_LOADER = "$(TEST_HOST)";
				INFOPLIST_FILE = CoreDataDemoTests/Info.plist;
				LD_RUNPATH_SEARCH_PATHS = "$(inherited) @executable_path/Frameworks @loader_path/Frameworks";
				PRODUCT_BUNDLE_IDENTIFIER = com.botai.CoreDataDemoTests;
				PRODUCT_NAME = "$(TARGET_NAME)";
				TEST_HOST = "$(BUILT_PRODUCTS_DIR)/CoreDataDemo.app/CoreDataDemo";
			};
			name = Debug;
		};
		2C753D591B376F3A0027CE35 /* Release */ = {
			isa = XCBuildConfiguration;
			buildSettings = {
				BUNDLE_LOADER = "$(TEST_HOST)";
				INFOPLIST_FILE = CoreDataDemoTests/Info.plist;
				LD_RUNPATH_SEARCH_PATHS = "$(inherited) @executable_path/Frameworks @loader_path/Frameworks";
				PRODUCT_BUNDLE_IDENTIFIER = com.botai.CoreDataDemoTests;
				PRODUCT_NAME = "$(TARGET_NAME)";
				TEST_HOST = "$(BUILT_PRODUCTS_DIR)/CoreDataDemo.app/CoreDataDemo";
			};
			name = Release;
		};
		2C753D5B1B376F3A0027CE35 /* Debug */ = {
			isa = XCBuildConfiguration;
			buildSettings = {
				INFOPLIST_FILE = CoreDataDemoUITests/Info.plist;
				LD_RUNPATH_SEARCH_PATHS = "$(inherited) @executable_path/Frameworks @loader_path/Frameworks";
				PRODUCT_BUNDLE_IDENTIFIER = com.botai.CoreDataDemoUITests;
				PRODUCT_NAME = "$(TARGET_NAME)";
				TEST_TARGET_NAME = CoreDataDemo;
				USES_XCTRUNNER = YES;
			};
			name = Debug;
		};
		2C753D5C1B376F3A0027CE35 /* Release */ = {
			isa = XCBuildConfiguration;
			buildSettings = {
				INFOPLIST_FILE = CoreDataDemoUITests/Info.plist;
				LD_RUNPATH_SEARCH_PATHS = "$(inherited) @executable_path/Frameworks @loader_path/Frameworks";
				PRODUCT_BUNDLE_IDENTIFIER = com.botai.CoreDataDemoUITests;
				PRODUCT_NAME = "$(TARGET_NAME)";
				TEST_TARGET_NAME = CoreDataDemo;
				USES_XCTRUNNER = YES;
			};
			name = Release;
		};
/* End XCBuildConfiguration section */

/* Begin XCConfigurationList section */
		2C753D241B376F390027CE35 /* Build configuration list for PBXProject "CoreDataDemo" */ = {
			isa = XCConfigurationList;
			buildConfigurations = (
				2C753D521B376F3A0027CE35 /* Debug */,
				2C753D531B376F3A0027CE35 /* Release */,
			);
			defaultConfigurationIsVisible = 0;
			defaultConfigurationName = Release;
		};
		2C753D541B376F3A0027CE35 /* Build configuration list for PBXNativeTarget "CoreDataDemo" */ = {
			isa = XCConfigurationList;
			buildConfigurations = (
				2C753D551B376F3A0027CE35 /* Debug */,
				2C753D561B376F3A0027CE35 /* Release */,
			);
			defaultConfigurationIsVisible = 0;
		};
		2C753D571B376F3A0027CE35 /* Build configuration list for PBXNativeTarget "CoreDataDemoTests" */ = {
			isa = XCConfigurationList;
			buildConfigurations = (
				2C753D581B376F3A0027CE35 /* Debug */,
				2C753D591B376F3A0027CE35 /* Release */,
			);
			defaultConfigurationIsVisible = 0;
		};
		2C753D5A1B376F3A0027CE35 /* Build configuration list for PBXNativeTarget "CoreDataDemoUITests" */ = {
			isa = XCConfigurationList;
			buildConfigurations = (
				2C753D5B1B376F3A0027CE35 /* Debug */,
				2C753D5C1B376F3A0027CE35 /* Release */,
			);
			defaultConfigurationIsVisible = 0;
		};
/* End XCConfigurationList section */

/* Begin XCVersionGroup section */
		2C753D331B376F3A0027CE35 /* CoreDataDemo.xcdatamodeld */ = {
			isa = XCVersionGroup;
			children = (
				2C753D341B376F3A0027CE35 /* CoreDataDemo.xcdatamodel */,
			);
			currentVersion = 2C753D341B376F3A0027CE35 /* CoreDataDemo.xcdatamodel */;
			path = CoreDataDemo.xcdatamodeld;
			sourceTree = "<group>";
			versionGroupType = wrapper.xcdatamodel;
		};
/* End XCVersionGroup section */
	};
	rootObject = 2C753D211B376F390027CE35 /* Project object */;
}
