// !$*UTF8*$!
{
	archiveVersion = 1;
	classes = {
	};
	objectVersion = 46;
	objects = {

/* Begin PBXBuildFile section */
		2C18309F1B3B84E200F084E0 /* AppDelegate.swift in Sources */ = {isa = PBXBuildFile; fileRef = 2C18309E1B3B84E200F084E0 /* AppDelegate.swift */; };
		2C1830A21B3B84E200F084E0 /* customAlert.xcdatamodeld in Sources */ = {isa = PBXBuildFile; fileRef = 2C1830A01B3B84E200F084E0 /* customAlert.xcdatamodeld */; };
		2C1830A41B3B84E200F084E0 /* ViewController.swift in Sources */ = {isa = PBXBuildFile; fileRef = 2C1830A31B3B84E200F084E0 /* ViewController.swift */; };
		2C1830A71B3B84E200F084E0 /* Main.storyboard in Resources */ = {isa = PBXBuildFile; fileRef = 2C1830A51B3B84E200F084E0 /* Main.storyboard */; };
		2C1830A91B3B84E200F084E0 /* Images.xcassets in Resources */ = {isa = PBXBuildFile; fileRef = 2C1830A81B3B84E200F084E0 /* Images.xcassets */; };
		2C1830AC1B3B84E200F084E0 /* LaunchScreen.xib in Resources */ = {isa = PBXBuildFile; fileRef = 2C1830AA1B3B84E200F084E0 /* LaunchScreen.xib */; };
		2C1830B81B3B84E200F084E0 /* customAlertTests.swift in Sources */ = {isa = PBXBuildFile; fileRef = 2C1830B71B3B84E200F084E0 /* customAlertTests.swift */; };
		2C1830C21B3BA70100F084E0 /* OverlayViewController.swift in Sources */ = {isa = PBXBuildFile; fileRef = 2C1830C11B3BA70100F084E0 /* OverlayViewController.swift */; };
		2C1830C41B3BA77500F084E0 /* OverlayTransitionDelegate.swift in Sources */ = {isa = PBXBuildFile; fileRef = 2C1830C31B3BA77500F084E0 /* OverlayTransitionDelegate.swift */; };
		2C1830C61B3BA9B600F084E0 /* OverlayPresentationController.swift in Sources */ = {isa = PBXBuildFile; fileRef = 2C1830C51B3BA9B600F084E0 /* OverlayPresentationController.swift */; };
		2C1830C81B3BAE5700F084E0 /* OverlayAnimatedTransitioning.swift in Sources */ = {isa = PBXBuildFile; fileRef = 2C1830C71B3BAE5700F084E0 /* OverlayAnimatedTransitioning.swift */; };
/* End PBXBuildFile section */

/* Begin PBXContainerItemProxy section */
		2C1830B21B3B84E200F084E0 /* PBXContainerItemProxy */ = {
			isa = PBXContainerItemProxy;
			containerPortal = 2C1830911B3B84E200F084E0 /* Project object */;
			proxyType = 1;
			remoteGlobalIDString = 2C1830981B3B84E200F084E0;
			remoteInfo = customAlert;
		};
/* End PBXContainerItemProxy section */

/* Begin PBXFileReference section */
		2C1830991B3B84E200F084E0 /* customAlert.app */ = {isa = PBXFileReference; explicitFileType = wrapper.application; includeInIndex = 0; path = customAlert.app; sourceTree = BUILT_PRODUCTS_DIR; };
		2C18309D1B3B84E200F084E0 /* Info.plist */ = {isa = PBXFileReference; lastKnownFileType = text.plist.xml; path = Info.plist; sourceTree = "<group>"; };
		2C18309E1B3B84E200F084E0 /* AppDelegate.swift */ = {isa = PBXFileReference; lastKnownFileType = sourcecode.swift; path = AppDelegate.swift; sourceTree = "<group>"; };
		2C1830A11B3B84E200F084E0 /* customAlert.xcdatamodel */ = {isa = PBXFileReference; lastKnownFileType = wrapper.xcdatamodel; path = customAlert.xcdatamodel; sourceTree = "<group>"; };
		2C1830A31B3B84E200F084E0 /* ViewController.swift */ = {isa = PBXFileReference; lastKnownFileType = sourcecode.swift; path = ViewController.swift; sourceTree = "<group>"; };
		2C1830A61B3B84E200F084E0 /* Base */ = {isa = PBXFileReference; lastKnownFileType = file.storyboard; name = Base; path = Base.lproj/Main.storyboard; sourceTree = "<group>"; };
		2C1830A81B3B84E200F084E0 /* Images.xcassets */ = {isa = PBXFileReference; lastKnownFileType = folder.assetcatalog; path = Images.xcassets; sourceTree = "<group>"; };
		2C1830AB1B3B84E200F084E0 /* Base */ = {isa = PBXFileReference; lastKnownFileType = file.xib; name = Base; path = Base.lproj/LaunchScreen.xib; sourceTree = "<group>"; };
		2C1830B11B3B84E200F084E0 /* customAlertTests.xctest */ = {isa = PBXFileReference; explicitFileType = wrapper.cfbundle; includeInIndex = 0; path = customAlertTests.xctest; sourceTree = BUILT_PRODUCTS_DIR; };
		2C1830B61B3B84E200F084E0 /* Info.plist */ = {isa = PBXFileReference; lastKnownFileType = text.plist.xml; path = Info.plist; sourceTree = "<group>"; };
		2C1830B71B3B84E200F084E0 /* customAlertTests.swift */ = {isa = PBXFileReference; lastKnownFileType = sourcecode.swift; path = customAlertTests.swift; sourceTree = "<group>"; };
		2C1830C11B3BA70100F084E0 /* OverlayViewController.swift */ = {isa = PBXFileReference; fileEncoding = 4; lastKnownFileType = sourcecode.swift; path = OverlayViewController.swift; sourceTree = "<group>"; };
		2C1830C31B3BA77500F084E0 /* OverlayTransitionDelegate.swift */ = {isa = PBXFileReference; fileEncoding = 4; lastKnownFileType = sourcecode.swift; path = OverlayTransitionDelegate.swift; sourceTree = "<group>"; };
		2C1830C51B3BA9B600F084E0 /* OverlayPresentationController.swift */ = {isa = PBXFileReference; fileEncoding = 4; lastKnownFileType = sourcecode.swift; path = OverlayPresentationController.swift; sourceTree = "<group>"; };
		2C1830C71B3BAE5700F084E0 /* OverlayAnimatedTransitioning.swift */ = {isa = PBXFileReference; fileEncoding = 4; lastKnownFileType = sourcecode.swift; path = OverlayAnimatedTransitioning.swift; sourceTree = "<group>"; };
/* End PBXFileReference section */

/* Begin PBXFrameworksBuildPhase section */
		2C1830961B3B84E200F084E0 /* Frameworks */ = {
			isa = PBXFrameworksBuildPhase;
			buildActionMask = 2147483647;
			files = (
			);
			runOnlyForDeploymentPostprocessing = 0;
		};
		2C1830AE1B3B84E200F084E0 /* Frameworks */ = {
			isa = PBXFrameworksBuildPhase;
			buildActionMask = 2147483647;
			files = (
			);
			runOnlyForDeploymentPostprocessing = 0;
		};
/* End PBXFrameworksBuildPhase section */

/* Begin PBXGroup section */
		2C1830901B3B84E200F084E0 = {
			isa = PBXGroup;
			children = (
				2C18309B1B3B84E200F084E0 /* customAlert */,
				2C1830B41B3B84E200F084E0 /* customAlertTests */,
				2C18309A1B3B84E200F084E0 /* Products */,
			);
			sourceTree = "<group>";
		};
		2C18309A1B3B84E200F084E0 /* Products */ = {
			isa = PBXGroup;
			children = (
				2C1830991B3B84E200F084E0 /* customAlert.app */,
				2C1830B11B3B84E200F084E0 /* customAlertTests.xctest */,
			);
			name = Products;
			sourceTree = "<group>";
		};
		2C18309B1B3B84E200F084E0 /* customAlert */ = {
			isa = PBXGroup;
			children = (
				2C1830C71B3BAE5700F084E0 /* OverlayAnimatedTransitioning.swift */,
				2C1830C51B3BA9B600F084E0 /* OverlayPresentationController.swift */,
				2C1830C11B3BA70100F084E0 /* OverlayViewController.swift */,
				2C18309E1B3B84E200F084E0 /* AppDelegate.swift */,
				2C1830A31B3B84E200F084E0 /* ViewController.swift */,
				2C1830C31B3BA77500F084E0 /* OverlayTransitionDelegate.swift */,
				2C1830A51B3B84E200F084E0 /* Main.storyboard */,
				2C1830A81B3B84E200F084E0 /* Images.xcassets */,
				2C1830AA1B3B84E200F084E0 /* LaunchScreen.xib */,
				2C1830A01B3B84E200F084E0 /* customAlert.xcdatamodeld */,
				2C18309C1B3B84E200F084E0 /* Supporting Files */,
			);
			path = customAlert;
			sourceTree = "<group>";
		};
		2C18309C1B3B84E200F084E0 /* Supporting Files */ = {
			isa = PBXGroup;
			children = (
				2C18309D1B3B84E200F084E0 /* Info.plist */,
			);
			name = "Supporting Files";
			sourceTree = "<group>";
		};
		2C1830B41B3B84E200F084E0 /* customAlertTests */ = {
			isa = PBXGroup;
			children = (
				2C1830B71B3B84E200F084E0 /* customAlertTests.swift */,
				2C1830B51B3B84E200F084E0 /* Supporting Files */,
			);
			path = customAlertTests;
			sourceTree = "<group>";
		};
		2C1830B51B3B84E200F084E0 /* Supporting Files */ = {
			isa = PBXGroup;
			children = (
				2C1830B61B3B84E200F084E0 /* Info.plist */,
			);
			name = "Supporting Files";
			sourceTree = "<group>";
		};
/* End PBXGroup section */

/* Begin PBXNativeTarget section */
		2C1830981B3B84E200F084E0 /* customAlert */ = {
			isa = PBXNativeTarget;
			buildConfigurationList = 2C1830BB1B3B84E200F084E0 /* Build configuration list for PBXNativeTarget "customAlert" */;
			buildPhases = (
				2C1830951B3B84E200F084E0 /* Sources */,
				2C1830961B3B84E200F084E0 /* Frameworks */,
				2C1830971B3B84E200F084E0 /* Resources */,
			);
			buildRules = (
			);
			dependencies = (
			);
			name = customAlert;
			productName = customAlert;
			productReference = 2C1830991B3B84E200F084E0 /* customAlert.app */;
			productType = "com.apple.product-type.application";
		};
		2C1830B01B3B84E200F084E0 /* customAlertTests */ = {
			isa = PBXNativeTarget;
			buildConfigurationList = 2C1830BE1B3B84E200F084E0 /* Build configuration list for PBXNativeTarget "customAlertTests" */;
			buildPhases = (
				2C1830AD1B3B84E200F084E0 /* Sources */,
				2C1830AE1B3B84E200F084E0 /* Frameworks */,
				2C1830AF1B3B84E200F084E0 /* Resources */,
			);
			buildRules = (
			);
			dependencies = (
				2C1830B31B3B84E200F084E0 /* PBXTargetDependency */,
			);
			name = customAlertTests;
			productName = customAlertTests;
			productReference = 2C1830B11B3B84E200F084E0 /* customAlertTests.xctest */;
			productType = "com.apple.product-type.bundle.unit-test";
		};
/* End PBXNativeTarget section */

/* Begin PBXProject section */
		2C1830911B3B84E200F084E0 /* Project object */ = {
			isa = PBXProject;
			attributes = {
				LastUpgradeCheck = 0630;
				ORGANIZATIONNAME = botai;
				TargetAttributes = {
					2C1830981B3B84E200F084E0 = {
						CreatedOnToolsVersion = 6.3.2;
					};
					2C1830B01B3B84E200F084E0 = {
						CreatedOnToolsVersion = 6.3.2;
						TestTargetID = 2C1830981B3B84E200F084E0;
					};
				};
			};
			buildConfigurationList = 2C1830941B3B84E200F084E0 /* Build configuration list for PBXProject "customAlert" */;
			compatibilityVersion = "Xcode 3.2";
			developmentRegion = English;
			hasScannedForEncodings = 0;
			knownRegions = (
				en,
				Base,
			);
			mainGroup = 2C1830901B3B84E200F084E0;
			productRefGroup = 2C18309A1B3B84E200F084E0 /* Products */;
			projectDirPath = "";
			projectRoot = "";
			targets = (
				2C1830981B3B84E200F084E0 /* customAlert */,
				2C1830B01B3B84E200F084E0 /* customAlertTests */,
			);
		};
/* End PBXProject section */

/* Begin PBXResourcesBuildPhase section */
		2C1830971B3B84E200F084E0 /* Resources */ = {
			isa = PBXResourcesBuildPhase;
			buildActionMask = 2147483647;
			files = (
				2C1830A71B3B84E200F084E0 /* Main.storyboard in Resources */,
				2C1830AC1B3B84E200F084E0 /* LaunchScreen.xib in Resources */,
				2C1830A91B3B84E200F084E0 /* Images.xcassets in Resources */,
			);
			runOnlyForDeploymentPostprocessing = 0;
		};
		2C1830AF1B3B84E200F084E0 /* Resources */ = {
			isa = PBXResourcesBuildPhase;
			buildActionMask = 2147483647;
			files = (
			);
			runOnlyForDeploymentPostprocessing = 0;
		};
/* End PBXResourcesBuildPhase section */

/* Begin PBXSourcesBuildPhase section */
		2C1830951B3B84E200F084E0 /* Sources */ = {
			isa = PBXSourcesBuildPhase;
			buildActionMask = 2147483647;
			files = (
				2C1830A41B3B84E200F084E0 /* ViewController.swift in Sources */,
				2C1830C41B3BA77500F084E0 /* OverlayTransitionDelegate.swift in Sources */,
				2C18309F1B3B84E200F084E0 /* AppDelegate.swift in Sources */,
				2C1830A21B3B84E200F084E0 /* customAlert.xcdatamodeld in Sources */,
				2C1830C61B3BA9B600F084E0 /* OverlayPresentationController.swift in Sources */,
				2C1830C21B3BA70100F084E0 /* OverlayViewController.swift in Sources */,
				2C1830C81B3BAE5700F084E0 /* OverlayAnimatedTransitioning.swift in Sources */,
			);
			runOnlyForDeploymentPostprocessing = 0;
		};
		2C1830AD1B3B84E200F084E0 /* Sources */ = {
			isa = PBXSourcesBuildPhase;
			buildActionMask = 2147483647;
			files = (
				2C1830B81B3B84E200F084E0 /* customAlertTests.swift in Sources */,
			);
			runOnlyForDeploymentPostprocessing = 0;
		};
/* End PBXSourcesBuildPhase section */

/* Begin PBXTargetDependency section */
		2C1830B31B3B84E200F084E0 /* PBXTargetDependency */ = {
			isa = PBXTargetDependency;
			target = 2C1830981B3B84E200F084E0 /* customAlert */;
			targetProxy = 2C1830B21B3B84E200F084E0 /* PBXContainerItemProxy */;
		};
/* End PBXTargetDependency section */

/* Begin PBXVariantGroup section */
		2C1830A51B3B84E200F084E0 /* Main.storyboard */ = {
			isa = PBXVariantGroup;
			children = (
				2C1830A61B3B84E200F084E0 /* Base */,
			);
			name = Main.storyboard;
			sourceTree = "<group>";
		};
		2C1830AA1B3B84E200F084E0 /* LaunchScreen.xib */ = {
			isa = PBXVariantGroup;
			children = (
				2C1830AB1B3B84E200F084E0 /* Base */,
			);
			name = LaunchScreen.xib;
			sourceTree = "<group>";
		};
/* End PBXVariantGroup section */

/* Begin XCBuildConfiguration section */
		2C1830B91B3B84E200F084E0 /* Debug */ = {
			isa = XCBuildConfiguration;
			buildSettings = {
				ALWAYS_SEARCH_USER_PATHS = NO;
				CLANG_CXX_LANGUAGE_STANDARD = "gnu++0x";
				CLANG_CXX_LIBRARY = "libc++";
				CLANG_ENABLE_MODULES = YES;
				CLANG_ENABLE_OBJC_ARC = YES;
				CLANG_WARN_BOOL_CONVERSION = YES;
				CLANG_WARN_CONSTANT_CONVERSION = YES;
				CLANG_WARN_DIRECT_OBJC_ISA_USAGE = YES_ERROR;
				CLANG_WARN_EMPTY_BODY = YES;
				CLANG_WARN_ENUM_CONVERSION = YES;
				CLANG_WARN_INT_CONVERSION = YES;
				CLANG_WARN_OBJC_ROOT_CLASS = YES_ERROR;
				CLANG_WARN_UNREACHABLE_CODE = YES;
				CLANG_WARN__DUPLICATE_METHOD_MATCH = YES;
				"CODE_SIGN_IDENTITY[sdk=iphoneos*]" = "iPhone Developer";
				COPY_PHASE_STRIP = NO;
				DEBUG_INFORMATION_FORMAT = "dwarf-with-dsym";
				ENABLE_STRICT_OBJC_MSGSEND = YES;
				GCC_C_LANGUAGE_STANDARD = gnu99;
				GCC_DYNAMIC_NO_PIC = NO;
				GCC_NO_COMMON_BLOCKS = YES;
				GCC_OPTIMIZATION_LEVEL = 0;
				GCC_PREPROCESSOR_DEFINITIONS = (
					"DEBUG=1",
					"$(inherited)",
				);
				GCC_SYMBOLS_PRIVATE_EXTERN = NO;
				GCC_WARN_64_TO_32_BIT_CONVERSION = YES;
				GCC_WARN_ABOUT_RETURN_TYPE = YES_ERROR;
				GCC_WARN_UNDECLARED_SELECTOR = YES;
				GCC_WARN_UNINITIALIZED_AUTOS = YES_AGGRESSIVE;
				GCC_WARN_UNUSED_FUNCTION = YES;
				GCC_WARN_UNUSED_VARIABLE = YES;
				IPHONEOS_DEPLOYMENT_TARGET = 8.3;
				MTL_ENABLE_DEBUG_INFO = YES;
				ONLY_ACTIVE_ARCH = YES;
				SDKROOT = iphoneos;
				SWIFT_OPTIMIZATION_LEVEL = "-Onone";
				TARGETED_DEVICE_FAMILY = "1,2";
			};
			name = Debug;
		};
		2C1830BA1B3B84E200F084E0 /* Release */ = {
			isa = XCBuildConfiguration;
			buildSettings = {
				ALWAYS_SEARCH_USER_PATHS = NO;
				CLANG_CXX_LANGUAGE_STANDARD = "gnu++0x";
				CLANG_CXX_LIBRARY = "libc++";
				CLANG_ENABLE_MODULES = YES;
				CLANG_ENABLE_OBJC_ARC = YES;
				CLANG_WARN_BOOL_CONVERSION = YES;
				CLANG_WARN_CONSTANT_CONVERSION = YES;
				CLANG_WARN_DIRECT_OBJC_ISA_USAGE = YES_ERROR;
				CLANG_WARN_EMPTY_BODY = YES;
				CLANG_WARN_ENUM_CONVERSION = YES;
				CLANG_WARN_INT_CONVERSION = YES;
				CLANG_WARN_OBJC_ROOT_CLASS = YES_ERROR;
				CLANG_WARN_UNREACHABLE_CODE = YES;
				CLANG_WARN__DUPLICATE_METHOD_MATCH = YES;
				"CODE_SIGN_IDENTITY[sdk=iphoneos*]" = "iPhone Developer";
				COPY_PHASE_STRIP = NO;
				DEBUG_INFORMATION_FORMAT = "dwarf-with-dsym";
				ENABLE_NS_ASSERTIONS = NO;
				ENABLE_STRICT_OBJC_MSGSEND = YES;
				GCC_C_LANGUAGE_STANDARD = gnu99;
				GCC_NO_COMMON_BLOCKS = YES;
				GCC_WARN_64_TO_32_BIT_CONVERSION = YES;
				GCC_WARN_ABOUT_RETURN_TYPE = YES_ERROR;
				GCC_WARN_UNDECLARED_SELECTOR = YES;
				GCC_WARN_UNINITIALIZED_AUTOS = YES_AGGRESSIVE;
				GCC_WARN_UNUSED_FUNCTION = YES;
				GCC_WARN_UNUSED_VARIABLE = YES;
				IPHONEOS_DEPLOYMENT_TARGET = 8.3;
				MTL_ENABLE_DEBUG_INFO = NO;
				SDKROOT = iphoneos;
				TARGETED_DEVICE_FAMILY = "1,2";
				VALIDATE_PRODUCT = YES;
			};
			name = Release;
		};
		2C1830BC1B3B84E200F084E0 /* Debug */ = {
			isa = XCBuildConfiguration;
			buildSettings = {
				ASSETCATALOG_COMPILER_APPICON_NAME = AppIcon;
				INFOPLIST_FILE = customAlert/Info.plist;
				LD_RUNPATH_SEARCH_PATHS = "$(inherited) @executable_path/Frameworks";
				PRODUCT_NAME = "$(TARGET_NAME)";
			};
			name = Debug;
		};
		2C1830BD1B3B84E200F084E0 /* Release */ = {
			isa = XCBuildConfiguration;
			buildSettings = {
				ASSETCATALOG_COMPILER_APPICON_NAME = AppIcon;
				INFOPLIST_FILE = customAlert/Info.plist;
				LD_RUNPATH_SEARCH_PATHS = "$(inherited) @executable_path/Frameworks";
				PRODUCT_NAME = "$(TARGET_NAME)";
			};
			name = Release;
		};
		2C1830BF1B3B84E200F084E0 /* Debug */ = {
			isa = XCBuildConfiguration;
			buildSettings = {
				BUNDLE_LOADER = "$(TEST_HOST)";
				FRAMEWORK_SEARCH_PATHS = (
					"$(SDKROOT)/Developer/Library/Frameworks",
					"$(inherited)",
				);
				GCC_PREPROCESSOR_DEFINITIONS = (
					"DEBUG=1",
					"$(inherited)",
				);
				INFOPLIST_FILE = customAlertTests/Info.plist;
				LD_RUNPATH_SEARCH_PATHS = "$(inherited) @executable_path/Frameworks @loader_path/Frameworks";
				PRODUCT_NAME = "$(TARGET_NAME)";
				TEST_HOST = "$(BUILT_PRODUCTS_DIR)/customAlert.app/customAlert";
			};
			name = Debug;
		};
		2C1830C01B3B84E200F084E0 /* Release */ = {
			isa = XCBuildConfiguration;
			buildSettings = {
				BUNDLE_LOADER = "$(TEST_HOST)";
				FRAMEWORK_SEARCH_PATHS = (
					"$(SDKROOT)/Developer/Library/Frameworks",
					"$(inherited)",
				);
				INFOPLIST_FILE = customAlertTests/Info.plist;
				LD_RUNPATH_SEARCH_PATHS = "$(inherited) @executable_path/Frameworks @loader_path/Frameworks";
				PRODUCT_NAME = "$(TARGET_NAME)";
				TEST_HOST = "$(BUILT_PRODUCTS_DIR)/customAlert.app/customAlert";
			};
			name = Release;
		};
/* End XCBuildConfiguration section */

/* Begin XCConfigurationList section */
		2C1830941B3B84E200F084E0 /* Build configuration list for PBXProject "customAlert" */ = {
			isa = XCConfigurationList;
			buildConfigurations = (
				2C1830B91B3B84E200F084E0 /* Debug */,
				2C1830BA1B3B84E200F084E0 /* Release */,
			);
			defaultConfigurationIsVisible = 0;
			defaultConfigurationName = Release;
		};
		2C1830BB1B3B84E200F084E0 /* Build configuration list for PBXNativeTarget "customAlert" */ = {
			isa = XCConfigurationList;
			buildConfigurations = (
				2C1830BC1B3B84E200F084E0 /* Debug */,
				2C1830BD1B3B84E200F084E0 /* Release */,
			);
			defaultConfigurationIsVisible = 0;
		};
		2C1830BE1B3B84E200F084E0 /* Build configuration list for PBXNativeTarget "customAlertTests" */ = {
			isa = XCConfigurationList;
			buildConfigurations = (
				2C1830BF1B3B84E200F084E0 /* Debug */,
				2C1830C01B3B84E200F084E0 /* Release */,
			);
			defaultConfigurationIsVisible = 0;
		};
/* End XCConfigurationList section */

/* Begin XCVersionGroup section */
		2C1830A01B3B84E200F084E0 /* customAlert.xcdatamodeld */ = {
			isa = XCVersionGroup;
			children = (
				2C1830A11B3B84E200F084E0 /* customAlert.xcdatamodel */,
			);
			currentVersion = 2C1830A11B3B84E200F084E0 /* customAlert.xcdatamodel */;
			path = customAlert.xcdatamodeld;
			sourceTree = "<group>";
			versionGroupType = wrapper.xcdatamodel;
		};
/* End XCVersionGroup section */
	};
	rootObject = 2C1830911B3B84E200F084E0 /* Project object */;
}
