// !$*UTF8*$!
{
	archiveVersion = 1;
	classes = {
	};
	objectVersion = 46;
	objects = {

/* Begin PBXBuildFile section */
		2C09A08B1B2532D600F8E927 /* AppDelegate.swift in Sources */ = {isa = PBXBuildFile; fileRef = 2C09A08A1B2532D600F8E927 /* AppDelegate.swift */; };
		2C09A08D1B2532D600F8E927 /* ViewController.swift in Sources */ = {isa = PBXBuildFile; fileRef = 2C09A08C1B2532D600F8E927 /* ViewController.swift */; };
		2C09A0901B2532D600F8E927 /* Main.storyboard in Resources */ = {isa = PBXBuildFile; fileRef = 2C09A08E1B2532D600F8E927 /* Main.storyboard */; };
		2C09A0921B2532D600F8E927 /* Images.xcassets in Resources */ = {isa = PBXBuildFile; fileRef = 2C09A0911B2532D600F8E927 /* Images.xcassets */; };
		2C09A0951B2532D600F8E927 /* LaunchScreen.xib in Resources */ = {isa = PBXBuildFile; fileRef = 2C09A0931B2532D600F8E927 /* LaunchScreen.xib */; };
		2C09A0A11B2532D600F8E927 /* ControlBarTests.swift in Sources */ = {isa = PBXBuildFile; fileRef = 2C09A0A01B2532D600F8E927 /* ControlBarTests.swift */; };
		2C09A0AD1B25839C00F8E927 /* EditToolsBar.swift in Sources */ = {isa = PBXBuildFile; fileRef = 2C09A0AC1B25839C00F8E927 /* EditToolsBar.swift */; };
		2C09A0DD1B25A81000F8E927 /* EditToolsPannel.swift in Sources */ = {isa = PBXBuildFile; fileRef = 2C09A0DC1B25A81000F8E927 /* EditToolsPannel.swift */; };
/* End PBXBuildFile section */

/* Begin PBXContainerItemProxy section */
		2C09A09B1B2532D600F8E927 /* PBXContainerItemProxy */ = {
			isa = PBXContainerItemProxy;
			containerPortal = 2C09A07D1B2532D600F8E927 /* Project object */;
			proxyType = 1;
			remoteGlobalIDString = 2C09A0841B2532D600F8E927;
			remoteInfo = ControlBar;
		};
/* End PBXContainerItemProxy section */

/* Begin PBXFileReference section */
		2C09A0851B2532D600F8E927 /* ControlBar.app */ = {isa = PBXFileReference; explicitFileType = wrapper.application; includeInIndex = 0; path = ControlBar.app; sourceTree = BUILT_PRODUCTS_DIR; };
		2C09A0891B2532D600F8E927 /* Info.plist */ = {isa = PBXFileReference; lastKnownFileType = text.plist.xml; path = Info.plist; sourceTree = "<group>"; };
		2C09A08A1B2532D600F8E927 /* AppDelegate.swift */ = {isa = PBXFileReference; lastKnownFileType = sourcecode.swift; path = AppDelegate.swift; sourceTree = "<group>"; };
		2C09A08C1B2532D600F8E927 /* ViewController.swift */ = {isa = PBXFileReference; lastKnownFileType = sourcecode.swift; path = ViewController.swift; sourceTree = "<group>"; };
		2C09A08F1B2532D600F8E927 /* Base */ = {isa = PBXFileReference; lastKnownFileType = file.storyboard; name = Base; path = Base.lproj/Main.storyboard; sourceTree = "<group>"; };
		2C09A0911B2532D600F8E927 /* Images.xcassets */ = {isa = PBXFileReference; lastKnownFileType = folder.assetcatalog; path = Images.xcassets; sourceTree = "<group>"; };
		2C09A0941B2532D600F8E927 /* Base */ = {isa = PBXFileReference; lastKnownFileType = file.xib; name = Base; path = Base.lproj/LaunchScreen.xib; sourceTree = "<group>"; };
		2C09A09A1B2532D600F8E927 /* ControlBarTests.xctest */ = {isa = PBXFileReference; explicitFileType = wrapper.cfbundle; includeInIndex = 0; path = ControlBarTests.xctest; sourceTree = BUILT_PRODUCTS_DIR; };
		2C09A09F1B2532D600F8E927 /* Info.plist */ = {isa = PBXFileReference; lastKnownFileType = text.plist.xml; path = Info.plist; sourceTree = "<group>"; };
		2C09A0A01B2532D600F8E927 /* ControlBarTests.swift */ = {isa = PBXFileReference; lastKnownFileType = sourcecode.swift; path = ControlBarTests.swift; sourceTree = "<group>"; };
		2C09A0AC1B25839C00F8E927 /* EditToolsBar.swift */ = {isa = PBXFileReference; fileEncoding = 4; lastKnownFileType = sourcecode.swift; path = EditToolsBar.swift; sourceTree = "<group>"; };
		2C09A0DC1B25A81000F8E927 /* EditToolsPannel.swift */ = {isa = PBXFileReference; fileEncoding = 4; lastKnownFileType = sourcecode.swift; path = EditToolsPannel.swift; sourceTree = "<group>"; };
/* End PBXFileReference section */

/* Begin PBXFrameworksBuildPhase section */
		2C09A0821B2532D600F8E927 /* Frameworks */ = {
			isa = PBXFrameworksBuildPhase;
			buildActionMask = 2147483647;
			files = (
			);
			runOnlyForDeploymentPostprocessing = 0;
		};
		2C09A0971B2532D600F8E927 /* Frameworks */ = {
			isa = PBXFrameworksBuildPhase;
			buildActionMask = 2147483647;
			files = (
			);
			runOnlyForDeploymentPostprocessing = 0;
		};
/* End PBXFrameworksBuildPhase section */

/* Begin PBXGroup section */
		2C09A07C1B2532D600F8E927 = {
			isa = PBXGroup;
			children = (
				2C09A0871B2532D600F8E927 /* ControlBar */,
				2C09A09D1B2532D600F8E927 /* ControlBarTests */,
				2C09A0861B2532D600F8E927 /* Products */,
			);
			sourceTree = "<group>";
		};
		2C09A0861B2532D600F8E927 /* Products */ = {
			isa = PBXGroup;
			children = (
				2C09A0851B2532D600F8E927 /* ControlBar.app */,
				2C09A09A1B2532D600F8E927 /* ControlBarTests.xctest */,
			);
			name = Products;
			sourceTree = "<group>";
		};
		2C09A0871B2532D600F8E927 /* ControlBar */ = {
			isa = PBXGroup;
			children = (
				2C09A08A1B2532D600F8E927 /* AppDelegate.swift */,
				2C09A08C1B2532D600F8E927 /* ViewController.swift */,
				2C09A0AC1B25839C00F8E927 /* EditToolsBar.swift */,
				2C09A0DC1B25A81000F8E927 /* EditToolsPannel.swift */,
				2C09A08E1B2532D600F8E927 /* Main.storyboard */,
				2C09A0911B2532D600F8E927 /* Images.xcassets */,
				2C09A0931B2532D600F8E927 /* LaunchScreen.xib */,
				2C09A0881B2532D600F8E927 /* Supporting Files */,
			);
			path = ControlBar;
			sourceTree = "<group>";
		};
		2C09A0881B2532D600F8E927 /* Supporting Files */ = {
			isa = PBXGroup;
			children = (
				2C09A0891B2532D600F8E927 /* Info.plist */,
			);
			name = "Supporting Files";
			sourceTree = "<group>";
		};
		2C09A09D1B2532D600F8E927 /* ControlBarTests */ = {
			isa = PBXGroup;
			children = (
				2C09A0A01B2532D600F8E927 /* ControlBarTests.swift */,
				2C09A09E1B2532D600F8E927 /* Supporting Files */,
			);
			path = ControlBarTests;
			sourceTree = "<group>";
		};
		2C09A09E1B2532D600F8E927 /* Supporting Files */ = {
			isa = PBXGroup;
			children = (
				2C09A09F1B2532D600F8E927 /* Info.plist */,
			);
			name = "Supporting Files";
			sourceTree = "<group>";
		};
/* End PBXGroup section */

/* Begin PBXNativeTarget section */
		2C09A0841B2532D600F8E927 /* ControlBar */ = {
			isa = PBXNativeTarget;
			buildConfigurationList = 2C09A0A41B2532D600F8E927 /* Build configuration list for PBXNativeTarget "ControlBar" */;
			buildPhases = (
				2C09A0811B2532D600F8E927 /* Sources */,
				2C09A0821B2532D600F8E927 /* Frameworks */,
				2C09A0831B2532D600F8E927 /* Resources */,
			);
			buildRules = (
			);
			dependencies = (
			);
			name = ControlBar;
			productName = ControlBar;
			productReference = 2C09A0851B2532D600F8E927 /* ControlBar.app */;
			productType = "com.apple.product-type.application";
		};
		2C09A0991B2532D600F8E927 /* ControlBarTests */ = {
			isa = PBXNativeTarget;
			buildConfigurationList = 2C09A0A71B2532D600F8E927 /* Build configuration list for PBXNativeTarget "ControlBarTests" */;
			buildPhases = (
				2C09A0961B2532D600F8E927 /* Sources */,
				2C09A0971B2532D600F8E927 /* Frameworks */,
				2C09A0981B2532D600F8E927 /* Resources */,
			);
			buildRules = (
			);
			dependencies = (
				2C09A09C1B2532D600F8E927 /* PBXTargetDependency */,
			);
			name = ControlBarTests;
			productName = ControlBarTests;
			productReference = 2C09A09A1B2532D600F8E927 /* ControlBarTests.xctest */;
			productType = "com.apple.product-type.bundle.unit-test";
		};
/* End PBXNativeTarget section */

/* Begin PBXProject section */
		2C09A07D1B2532D600F8E927 /* Project object */ = {
			isa = PBXProject;
			attributes = {
				LastUpgradeCheck = 0630;
				ORGANIZATIONNAME = "BoTai Technology";
				TargetAttributes = {
					2C09A0841B2532D600F8E927 = {
						CreatedOnToolsVersion = 6.3.2;
					};
					2C09A0991B2532D600F8E927 = {
						CreatedOnToolsVersion = 6.3.2;
						TestTargetID = 2C09A0841B2532D600F8E927;
					};
				};
			};
			buildConfigurationList = 2C09A0801B2532D600F8E927 /* Build configuration list for PBXProject "ControlBar" */;
			compatibilityVersion = "Xcode 3.2";
			developmentRegion = English;
			hasScannedForEncodings = 0;
			knownRegions = (
				en,
				Base,
			);
			mainGroup = 2C09A07C1B2532D600F8E927;
			productRefGroup = 2C09A0861B2532D600F8E927 /* Products */;
			projectDirPath = "";
			projectRoot = "";
			targets = (
				2C09A0841B2532D600F8E927 /* ControlBar */,
				2C09A0991B2532D600F8E927 /* ControlBarTests */,
			);
		};
/* End PBXProject section */

/* Begin PBXResourcesBuildPhase section */
		2C09A0831B2532D600F8E927 /* Resources */ = {
			isa = PBXResourcesBuildPhase;
			buildActionMask = 2147483647;
			files = (
				2C09A0901B2532D600F8E927 /* Main.storyboard in Resources */,
				2C09A0951B2532D600F8E927 /* LaunchScreen.xib in Resources */,
				2C09A0921B2532D600F8E927 /* Images.xcassets in Resources */,
			);
			runOnlyForDeploymentPostprocessing = 0;
		};
		2C09A0981B2532D600F8E927 /* Resources */ = {
			isa = PBXResourcesBuildPhase;
			buildActionMask = 2147483647;
			files = (
			);
			runOnlyForDeploymentPostprocessing = 0;
		};
/* End PBXResourcesBuildPhase section */

/* Begin PBXSourcesBuildPhase section */
		2C09A0811B2532D600F8E927 /* Sources */ = {
			isa = PBXSourcesBuildPhase;
			buildActionMask = 2147483647;
			files = (
				2C09A08D1B2532D600F8E927 /* ViewController.swift in Sources */,
				2C09A0DD1B25A81000F8E927 /* EditToolsPannel.swift in Sources */,
				2C09A0AD1B25839C00F8E927 /* EditToolsBar.swift in Sources */,
				2C09A08B1B2532D600F8E927 /* AppDelegate.swift in Sources */,
			);
			runOnlyForDeploymentPostprocessing = 0;
		};
		2C09A0961B2532D600F8E927 /* Sources */ = {
			isa = PBXSourcesBuildPhase;
			buildActionMask = 2147483647;
			files = (
				2C09A0A11B2532D600F8E927 /* ControlBarTests.swift in Sources */,
			);
			runOnlyForDeploymentPostprocessing = 0;
		};
/* End PBXSourcesBuildPhase section */

/* Begin PBXTargetDependency section */
		2C09A09C1B2532D600F8E927 /* PBXTargetDependency */ = {
			isa = PBXTargetDependency;
			target = 2C09A0841B2532D600F8E927 /* ControlBar */;
			targetProxy = 2C09A09B1B2532D600F8E927 /* PBXContainerItemProxy */;
		};
/* End PBXTargetDependency section */

/* Begin PBXVariantGroup section */
		2C09A08E1B2532D600F8E927 /* Main.storyboard */ = {
			isa = PBXVariantGroup;
			children = (
				2C09A08F1B2532D600F8E927 /* Base */,
			);
			name = Main.storyboard;
			sourceTree = "<group>";
		};
		2C09A0931B2532D600F8E927 /* LaunchScreen.xib */ = {
			isa = PBXVariantGroup;
			children = (
				2C09A0941B2532D600F8E927 /* Base */,
			);
			name = LaunchScreen.xib;
			sourceTree = "<group>";
		};
/* End PBXVariantGroup section */

/* Begin XCBuildConfiguration section */
		2C09A0A21B2532D600F8E927 /* Debug */ = {
			isa = XCBuildConfiguration;
			buildSettings = {
				ALWAYS_SEARCH_USER_PATHS = NO;
				CLANG_CXX_LANGUAGE_STANDARD = "gnu++0x";
				CLANG_CXX_LIBRARY = "libc++";
				CLANG_ENABLE_MODULES = YES;
				CLANG_ENABLE_OBJC_ARC = YES;
				CLANG_WARN_BOOL_CONVERSION = YES;
				CLANG_WARN_CONSTANT_CONVERSION = YES;
				CLANG_WARN_DIRECT_OBJC_ISA_USAGE = YES_ERROR;
				CLANG_WARN_EMPTY_BODY = YES;
				CLANG_WARN_ENUM_CONVERSION = YES;
				CLANG_WARN_INT_CONVERSION = YES;
				CLANG_WARN_OBJC_ROOT_CLASS = YES_ERROR;
				CLANG_WARN_UNREACHABLE_CODE = YES;
				CLANG_WARN__DUPLICATE_METHOD_MATCH = YES;
				"CODE_SIGN_IDENTITY[sdk=iphoneos*]" = "iPhone Developer";
				COPY_PHASE_STRIP = NO;
				DEBUG_INFORMATION_FORMAT = "dwarf-with-dsym";
				ENABLE_STRICT_OBJC_MSGSEND = YES;
				GCC_C_LANGUAGE_STANDARD = gnu99;
				GCC_DYNAMIC_NO_PIC = NO;
				GCC_NO_COMMON_BLOCKS = YES;
				GCC_OPTIMIZATION_LEVEL = 0;
				GCC_PREPROCESSOR_DEFINITIONS = (
					"DEBUG=1",
					"$(inherited)",
				);
				GCC_SYMBOLS_PRIVATE_EXTERN = NO;
				GCC_WARN_64_TO_32_BIT_CONVERSION = YES;
				GCC_WARN_ABOUT_RETURN_TYPE = YES_ERROR;
				GCC_WARN_UNDECLARED_SELECTOR = YES;
				GCC_WARN_UNINITIALIZED_AUTOS = YES_AGGRESSIVE;
				GCC_WARN_UNUSED_FUNCTION = YES;
				GCC_WARN_UNUSED_VARIABLE = YES;
				IPHONEOS_DEPLOYMENT_TARGET = 8.3;
				MTL_ENABLE_DEBUG_INFO = YES;
				ONLY_ACTIVE_ARCH = YES;
				SDKROOT = iphoneos;
				SWIFT_OPTIMIZATION_LEVEL = "-Onone";
				TARGETED_DEVICE_FAMILY = "1,2";
			};
			name = Debug;
		};
		2C09A0A31B2532D600F8E927 /* Release */ = {
			isa = XCBuildConfiguration;
			buildSettings = {
				ALWAYS_SEARCH_USER_PATHS = NO;
				CLANG_CXX_LANGUAGE_STANDARD = "gnu++0x";
				CLANG_CXX_LIBRARY = "libc++";
				CLANG_ENABLE_MODULES = YES;
				CLANG_ENABLE_OBJC_ARC = YES;
				CLANG_WARN_BOOL_CONVERSION = YES;
				CLANG_WARN_CONSTANT_CONVERSION = YES;
				CLANG_WARN_DIRECT_OBJC_ISA_USAGE = YES_ERROR;
				CLANG_WARN_EMPTY_BODY = YES;
				CLANG_WARN_ENUM_CONVERSION = YES;
				CLANG_WARN_INT_CONVERSION = YES;
				CLANG_WARN_OBJC_ROOT_CLASS = YES_ERROR;
				CLANG_WARN_UNREACHABLE_CODE = YES;
				CLANG_WARN__DUPLICATE_METHOD_MATCH = YES;
				"CODE_SIGN_IDENTITY[sdk=iphoneos*]" = "iPhone Developer";
				COPY_PHASE_STRIP = NO;
				DEBUG_INFORMATION_FORMAT = "dwarf-with-dsym";
				ENABLE_NS_ASSERTIONS = NO;
				ENABLE_STRICT_OBJC_MSGSEND = YES;
				GCC_C_LANGUAGE_STANDARD = gnu99;
				GCC_NO_COMMON_BLOCKS = YES;
				GCC_WARN_64_TO_32_BIT_CONVERSION = YES;
				GCC_WARN_ABOUT_RETURN_TYPE = YES_ERROR;
				GCC_WARN_UNDECLARED_SELECTOR = YES;
				GCC_WARN_UNINITIALIZED_AUTOS = YES_AGGRESSIVE;
				GCC_WARN_UNUSED_FUNCTION = YES;
				GCC_WARN_UNUSED_VARIABLE = YES;
				IPHONEOS_DEPLOYMENT_TARGET = 8.3;
				MTL_ENABLE_DEBUG_INFO = NO;
				SDKROOT = iphoneos;
				TARGETED_DEVICE_FAMILY = "1,2";
				VALIDATE_PRODUCT = YES;
			};
			name = Release;
		};
		2C09A0A51B2532D600F8E927 /* Debug */ = {
			isa = XCBuildConfiguration;
			buildSettings = {
				ASSETCATALOG_COMPILER_APPICON_NAME = AppIcon;
				INFOPLIST_FILE = ControlBar/Info.plist;
				LD_RUNPATH_SEARCH_PATHS = "$(inherited) @executable_path/Frameworks";
				PRODUCT_NAME = "$(TARGET_NAME)";
			};
			name = Debug;
		};
		2C09A0A61B2532D600F8E927 /* Release */ = {
			isa = XCBuildConfiguration;
			buildSettings = {
				ASSETCATALOG_COMPILER_APPICON_NAME = AppIcon;
				INFOPLIST_FILE = ControlBar/Info.plist;
				LD_RUNPATH_SEARCH_PATHS = "$(inherited) @executable_path/Frameworks";
				PRODUCT_NAME = "$(TARGET_NAME)";
			};
			name = Release;
		};
		2C09A0A81B2532D600F8E927 /* Debug */ = {
			isa = XCBuildConfiguration;
			buildSettings = {
				BUNDLE_LOADER = "$(TEST_HOST)";
				FRAMEWORK_SEARCH_PATHS = (
					"$(SDKROOT)/Developer/Library/Frameworks",
					"$(inherited)",
				);
				GCC_PREPROCESSOR_DEFINITIONS = (
					"DEBUG=1",
					"$(inherited)",
				);
				INFOPLIST_FILE = ControlBarTests/Info.plist;
				LD_RUNPATH_SEARCH_PATHS = "$(inherited) @executable_path/Frameworks @loader_path/Frameworks";
				PRODUCT_NAME = "$(TARGET_NAME)";
				TEST_HOST = "$(BUILT_PRODUCTS_DIR)/ControlBar.app/ControlBar";
			};
			name = Debug;
		};
		2C09A0A91B2532D600F8E927 /* Release */ = {
			isa = XCBuildConfiguration;
			buildSettings = {
				BUNDLE_LOADER = "$(TEST_HOST)";
				FRAMEWORK_SEARCH_PATHS = (
					"$(SDKROOT)/Developer/Library/Frameworks",
					"$(inherited)",
				);
				INFOPLIST_FILE = ControlBarTests/Info.plist;
				LD_RUNPATH_SEARCH_PATHS = "$(inherited) @executable_path/Frameworks @loader_path/Frameworks";
				PRODUCT_NAME = "$(TARGET_NAME)";
				TEST_HOST = "$(BUILT_PRODUCTS_DIR)/ControlBar.app/ControlBar";
			};
			name = Release;
		};
/* End XCBuildConfiguration section */

/* Begin XCConfigurationList section */
		2C09A0801B2532D600F8E927 /* Build configuration list for PBXProject "ControlBar" */ = {
			isa = XCConfigurationList;
			buildConfigurations = (
				2C09A0A21B2532D600F8E927 /* Debug */,
				2C09A0A31B2532D600F8E927 /* Release */,
			);
			defaultConfigurationIsVisible = 0;
			defaultConfigurationName = Release;
		};
		2C09A0A41B2532D600F8E927 /* Build configuration list for PBXNativeTarget "ControlBar" */ = {
			isa = XCConfigurationList;
			buildConfigurations = (
				2C09A0A51B2532D600F8E927 /* Debug */,
				2C09A0A61B2532D600F8E927 /* Release */,
			);
			defaultConfigurationIsVisible = 0;
		};
		2C09A0A71B2532D600F8E927 /* Build configuration list for PBXNativeTarget "ControlBarTests" */ = {
			isa = XCConfigurationList;
			buildConfigurations = (
				2C09A0A81B2532D600F8E927 /* Debug */,
				2C09A0A91B2532D600F8E927 /* Release */,
			);
			defaultConfigurationIsVisible = 0;
		};
/* End XCConfigurationList section */
	};
	rootObject = 2C09A07D1B2532D600F8E927 /* Project object */;
}
