// !$*UTF8*$!
{
	archiveVersion = 1;
	classes = {
	};
	objectVersion = 46;
	objects = {

/* Begin PBXBuildFile section */
		2CA924411B3D393A00D577E8 /* AppDelegate.swift in Sources */ = {isa = PBXBuildFile; fileRef = 2CA924401B3D393A00D577E8 /* AppDelegate.swift */; };
		2CA924431B3D393A00D577E8 /* ViewController.swift in Sources */ = {isa = PBXBuildFile; fileRef = 2CA924421B3D393A00D577E8 /* ViewController.swift */; };
		2CA924461B3D393A00D577E8 /* Main.storyboard in Resources */ = {isa = PBXBuildFile; fileRef = 2CA924441B3D393A00D577E8 /* Main.storyboard */; };
		2CA924481B3D393A00D577E8 /* Assets.xcassets in Resources */ = {isa = PBXBuildFile; fileRef = 2CA924471B3D393A00D577E8 /* Assets.xcassets */; };
		2CA9244B1B3D393A00D577E8 /* LaunchScreen.storyboard in Resources */ = {isa = PBXBuildFile; fileRef = 2CA924491B3D393A00D577E8 /* LaunchScreen.storyboard */; };
		2CA924561B3D393A00D577E8 /* TextEditTests.swift in Sources */ = {isa = PBXBuildFile; fileRef = 2CA924551B3D393A00D577E8 /* TextEditTests.swift */; };
		2CA924611B3D393A00D577E8 /* TextEditUITests.swift in Sources */ = {isa = PBXBuildFile; fileRef = 2CA924601B3D393A00D577E8 /* TextEditUITests.swift */; };
		2CCD8F431B412CA5006F1E57 /* Font in Resources */ = {isa = PBXBuildFile; fileRef = 2CCD8F421B412CA5006F1E57 /* Font */; };
		2CCD8F451B412CAE006F1E57 /* FontsManager.swift in Sources */ = {isa = PBXBuildFile; fileRef = 2CCD8F441B412CAE006F1E57 /* FontsManager.swift */; };
		2CCD8F471B412CBA006F1E57 /* CoreText.framework in Frameworks */ = {isa = PBXBuildFile; fileRef = 2CCD8F461B412CBA006F1E57 /* CoreText.framework */; };
/* End PBXBuildFile section */

/* Begin PBXContainerItemProxy section */
		2CA924521B3D393A00D577E8 /* PBXContainerItemProxy */ = {
			isa = PBXContainerItemProxy;
			containerPortal = 2CA924351B3D393A00D577E8 /* Project object */;
			proxyType = 1;
			remoteGlobalIDString = 2CA9243C1B3D393A00D577E8;
			remoteInfo = TextEdit;
		};
		2CA9245D1B3D393A00D577E8 /* PBXContainerItemProxy */ = {
			isa = PBXContainerItemProxy;
			containerPortal = 2CA924351B3D393A00D577E8 /* Project object */;
			proxyType = 1;
			remoteGlobalIDString = 2CA9243C1B3D393A00D577E8;
			remoteInfo = TextEdit;
		};
/* End PBXContainerItemProxy section */

/* Begin PBXFileReference section */
		2CA9243D1B3D393A00D577E8 /* TextEdit.app */ = {isa = PBXFileReference; explicitFileType = wrapper.application; includeInIndex = 0; path = TextEdit.app; sourceTree = BUILT_PRODUCTS_DIR; };
		2CA924401B3D393A00D577E8 /* AppDelegate.swift */ = {isa = PBXFileReference; lastKnownFileType = sourcecode.swift; path = AppDelegate.swift; sourceTree = "<group>"; };
		2CA924421B3D393A00D577E8 /* ViewController.swift */ = {isa = PBXFileReference; lastKnownFileType = sourcecode.swift; path = ViewController.swift; sourceTree = "<group>"; };
		2CA924451B3D393A00D577E8 /* Base */ = {isa = PBXFileReference; lastKnownFileType = file.storyboard; name = Base; path = Base.lproj/Main.storyboard; sourceTree = "<group>"; };
		2CA924471B3D393A00D577E8 /* Assets.xcassets */ = {isa = PBXFileReference; lastKnownFileType = folder.assetcatalog; path = Assets.xcassets; sourceTree = "<group>"; };
		2CA9244A1B3D393A00D577E8 /* Base */ = {isa = PBXFileReference; lastKnownFileType = file.storyboard; name = Base; path = Base.lproj/LaunchScreen.storyboard; sourceTree = "<group>"; };
		2CA9244C1B3D393A00D577E8 /* Info.plist */ = {isa = PBXFileReference; lastKnownFileType = text.plist.xml; path = Info.plist; sourceTree = "<group>"; };
		2CA924511B3D393A00D577E8 /* TextEditTests.xctest */ = {isa = PBXFileReference; explicitFileType = wrapper.cfbundle; includeInIndex = 0; path = TextEditTests.xctest; sourceTree = BUILT_PRODUCTS_DIR; };
		2CA924551B3D393A00D577E8 /* TextEditTests.swift */ = {isa = PBXFileReference; lastKnownFileType = sourcecode.swift; path = TextEditTests.swift; sourceTree = "<group>"; };
		2CA924571B3D393A00D577E8 /* Info.plist */ = {isa = PBXFileReference; lastKnownFileType = text.plist.xml; path = Info.plist; sourceTree = "<group>"; };
		2CA9245C1B3D393A00D577E8 /* TextEditUITests.xctest */ = {isa = PBXFileReference; explicitFileType = wrapper.cfbundle; includeInIndex = 0; path = TextEditUITests.xctest; sourceTree = BUILT_PRODUCTS_DIR; };
		2CA924601B3D393A00D577E8 /* TextEditUITests.swift */ = {isa = PBXFileReference; lastKnownFileType = sourcecode.swift; path = TextEditUITests.swift; sourceTree = "<group>"; };
		2CA924621B3D393A00D577E8 /* Info.plist */ = {isa = PBXFileReference; lastKnownFileType = text.plist.xml; path = Info.plist; sourceTree = "<group>"; };
		2CCD8F421B412CA5006F1E57 /* Font */ = {isa = PBXFileReference; lastKnownFileType = folder; path = Font; sourceTree = "<group>"; };
		2CCD8F441B412CAE006F1E57 /* FontsManager.swift */ = {isa = PBXFileReference; fileEncoding = 4; lastKnownFileType = sourcecode.swift; path = FontsManager.swift; sourceTree = "<group>"; };
		2CCD8F461B412CBA006F1E57 /* CoreText.framework */ = {isa = PBXFileReference; lastKnownFileType = wrapper.framework; name = CoreText.framework; path = System/Library/Frameworks/CoreText.framework; sourceTree = SDKROOT; };
/* End PBXFileReference section */

/* Begin PBXFrameworksBuildPhase section */
		2CA9243A1B3D393A00D577E8 /* Frameworks */ = {
			isa = PBXFrameworksBuildPhase;
			buildActionMask = 2147483647;
			files = (
				2CCD8F471B412CBA006F1E57 /* CoreText.framework in Frameworks */,
			);
			runOnlyForDeploymentPostprocessing = 0;
		};
		2CA9244E1B3D393A00D577E8 /* Frameworks */ = {
			isa = PBXFrameworksBuildPhase;
			buildActionMask = 2147483647;
			files = (
			);
			runOnlyForDeploymentPostprocessing = 0;
		};
		2CA924591B3D393A00D577E8 /* Frameworks */ = {
			isa = PBXFrameworksBuildPhase;
			buildActionMask = 2147483647;
			files = (
			);
			runOnlyForDeploymentPostprocessing = 0;
		};
/* End PBXFrameworksBuildPhase section */

/* Begin PBXGroup section */
		2CA924341B3D393A00D577E8 = {
			isa = PBXGroup;
			children = (
				2CCD8F461B412CBA006F1E57 /* CoreText.framework */,
				2CA9243F1B3D393A00D577E8 /* TextEdit */,
				2CA924541B3D393A00D577E8 /* TextEditTests */,
				2CA9245F1B3D393A00D577E8 /* TextEditUITests */,
				2CA9243E1B3D393A00D577E8 /* Products */,
			);
			sourceTree = "<group>";
		};
		2CA9243E1B3D393A00D577E8 /* Products */ = {
			isa = PBXGroup;
			children = (
				2CA9243D1B3D393A00D577E8 /* TextEdit.app */,
				2CA924511B3D393A00D577E8 /* TextEditTests.xctest */,
				2CA9245C1B3D393A00D577E8 /* TextEditUITests.xctest */,
			);
			name = Products;
			sourceTree = "<group>";
		};
		2CA9243F1B3D393A00D577E8 /* TextEdit */ = {
			isa = PBXGroup;
			children = (
				2CCD8F441B412CAE006F1E57 /* FontsManager.swift */,
				2CCD8F421B412CA5006F1E57 /* Font */,
				2CA924401B3D393A00D577E8 /* AppDelegate.swift */,
				2CA924421B3D393A00D577E8 /* ViewController.swift */,
				2CA924441B3D393A00D577E8 /* Main.storyboard */,
				2CA924471B3D393A00D577E8 /* Assets.xcassets */,
				2CA924491B3D393A00D577E8 /* LaunchScreen.storyboard */,
				2CA9244C1B3D393A00D577E8 /* Info.plist */,
			);
			path = TextEdit;
			sourceTree = "<group>";
		};
		2CA924541B3D393A00D577E8 /* TextEditTests */ = {
			isa = PBXGroup;
			children = (
				2CA924551B3D393A00D577E8 /* TextEditTests.swift */,
				2CA924571B3D393A00D577E8 /* Info.plist */,
			);
			path = TextEditTests;
			sourceTree = "<group>";
		};
		2CA9245F1B3D393A00D577E8 /* TextEditUITests */ = {
			isa = PBXGroup;
			children = (
				2CA924601B3D393A00D577E8 /* TextEditUITests.swift */,
				2CA924621B3D393A00D577E8 /* Info.plist */,
			);
			path = TextEditUITests;
			sourceTree = "<group>";
		};
/* End PBXGroup section */

/* Begin PBXNativeTarget section */
		2CA9243C1B3D393A00D577E8 /* TextEdit */ = {
			isa = PBXNativeTarget;
			buildConfigurationList = 2CA924651B3D393A00D577E8 /* Build configuration list for PBXNativeTarget "TextEdit" */;
			buildPhases = (
				2CA924391B3D393A00D577E8 /* Sources */,
				2CA9243A1B3D393A00D577E8 /* Frameworks */,
				2CA9243B1B3D393A00D577E8 /* Resources */,
			);
			buildRules = (
			);
			dependencies = (
			);
			name = TextEdit;
			productName = TextEdit;
			productReference = 2CA9243D1B3D393A00D577E8 /* TextEdit.app */;
			productType = "com.apple.product-type.application";
		};
		2CA924501B3D393A00D577E8 /* TextEditTests */ = {
			isa = PBXNativeTarget;
			buildConfigurationList = 2CA924681B3D393A00D577E8 /* Build configuration list for PBXNativeTarget "TextEditTests" */;
			buildPhases = (
				2CA9244D1B3D393A00D577E8 /* Sources */,
				2CA9244E1B3D393A00D577E8 /* Frameworks */,
				2CA9244F1B3D393A00D577E8 /* Resources */,
			);
			buildRules = (
			);
			dependencies = (
				2CA924531B3D393A00D577E8 /* PBXTargetDependency */,
			);
			name = TextEditTests;
			productName = TextEditTests;
			productReference = 2CA924511B3D393A00D577E8 /* TextEditTests.xctest */;
			productType = "com.apple.product-type.bundle.unit-test";
		};
		2CA9245B1B3D393A00D577E8 /* TextEditUITests */ = {
			isa = PBXNativeTarget;
			buildConfigurationList = 2CA9246B1B3D393A00D577E8 /* Build configuration list for PBXNativeTarget "TextEditUITests" */;
			buildPhases = (
				2CA924581B3D393A00D577E8 /* Sources */,
				2CA924591B3D393A00D577E8 /* Frameworks */,
				2CA9245A1B3D393A00D577E8 /* Resources */,
			);
			buildRules = (
			);
			dependencies = (
				2CA9245E1B3D393A00D577E8 /* PBXTargetDependency */,
			);
			name = TextEditUITests;
			productName = TextEditUITests;
			productReference = 2CA9245C1B3D393A00D577E8 /* TextEditUITests.xctest */;
			productType = "com.apple.product-type.bundle.ui-testing";
		};
/* End PBXNativeTarget section */

/* Begin PBXProject section */
		2CA924351B3D393A00D577E8 /* Project object */ = {
			isa = PBXProject;
			attributes = {
				LastUpgradeCheck = 0700;
				ORGANIZATIONNAME = "BoTai Technology";
				TargetAttributes = {
					2CA9243C1B3D393A00D577E8 = {
						CreatedOnToolsVersion = 7.0;
					};
					2CA924501B3D393A00D577E8 = {
						CreatedOnToolsVersion = 7.0;
						TestTargetID = 2CA9243C1B3D393A00D577E8;
					};
					2CA9245B1B3D393A00D577E8 = {
						CreatedOnToolsVersion = 7.0;
						TestTargetID = 2CA9243C1B3D393A00D577E8;
					};
				};
			};
			buildConfigurationList = 2CA924381B3D393A00D577E8 /* Build configuration list for PBXProject "TextEdit" */;
			compatibilityVersion = "Xcode 3.2";
			developmentRegion = English;
			hasScannedForEncodings = 0;
			knownRegions = (
				en,
				Base,
			);
			mainGroup = 2CA924341B3D393A00D577E8;
			productRefGroup = 2CA9243E1B3D393A00D577E8 /* Products */;
			projectDirPath = "";
			projectRoot = "";
			targets = (
				2CA9243C1B3D393A00D577E8 /* TextEdit */,
				2CA924501B3D393A00D577E8 /* TextEditTests */,
				2CA9245B1B3D393A00D577E8 /* TextEditUITests */,
			);
		};
/* End PBXProject section */

/* Begin PBXResourcesBuildPhase section */
		2CA9243B1B3D393A00D577E8 /* Resources */ = {
			isa = PBXResourcesBuildPhase;
			buildActionMask = 2147483647;
			files = (
				2CA9244B1B3D393A00D577E8 /* LaunchScreen.storyboard in Resources */,
				2CA924481B3D393A00D577E8 /* Assets.xcassets in Resources */,
				2CA924461B3D393A00D577E8 /* Main.storyboard in Resources */,
				2CCD8F431B412CA5006F1E57 /* Font in Resources */,
			);
			runOnlyForDeploymentPostprocessing = 0;
		};
		2CA9244F1B3D393A00D577E8 /* Resources */ = {
			isa = PBXResourcesBuildPhase;
			buildActionMask = 2147483647;
			files = (
			);
			runOnlyForDeploymentPostprocessing = 0;
		};
		2CA9245A1B3D393A00D577E8 /* Resources */ = {
			isa = PBXResourcesBuildPhase;
			buildActionMask = 2147483647;
			files = (
			);
			runOnlyForDeploymentPostprocessing = 0;
		};
/* End PBXResourcesBuildPhase section */

/* Begin PBXSourcesBuildPhase section */
		2CA924391B3D393A00D577E8 /* Sources */ = {
			isa = PBXSourcesBuildPhase;
			buildActionMask = 2147483647;
			files = (
				2CCD8F451B412CAE006F1E57 /* FontsManager.swift in Sources */,
				2CA924431B3D393A00D577E8 /* ViewController.swift in Sources */,
				2CA924411B3D393A00D577E8 /* AppDelegate.swift in Sources */,
			);
			runOnlyForDeploymentPostprocessing = 0;
		};
		2CA9244D1B3D393A00D577E8 /* Sources */ = {
			isa = PBXSourcesBuildPhase;
			buildActionMask = 2147483647;
			files = (
				2CA924561B3D393A00D577E8 /* TextEditTests.swift in Sources */,
			);
			runOnlyForDeploymentPostprocessing = 0;
		};
		2CA924581B3D393A00D577E8 /* Sources */ = {
			isa = PBXSourcesBuildPhase;
			buildActionMask = 2147483647;
			files = (
				2CA924611B3D393A00D577E8 /* TextEditUITests.swift in Sources */,
			);
			runOnlyForDeploymentPostprocessing = 0;
		};
/* End PBXSourcesBuildPhase section */

/* Begin PBXTargetDependency section */
		2CA924531B3D393A00D577E8 /* PBXTargetDependency */ = {
			isa = PBXTargetDependency;
			target = 2CA9243C1B3D393A00D577E8 /* TextEdit */;
			targetProxy = 2CA924521B3D393A00D577E8 /* PBXContainerItemProxy */;
		};
		2CA9245E1B3D393A00D577E8 /* PBXTargetDependency */ = {
			isa = PBXTargetDependency;
			target = 2CA9243C1B3D393A00D577E8 /* TextEdit */;
			targetProxy = 2CA9245D1B3D393A00D577E8 /* PBXContainerItemProxy */;
		};
/* End PBXTargetDependency section */

/* Begin PBXVariantGroup section */
		2CA924441B3D393A00D577E8 /* Main.storyboard */ = {
			isa = PBXVariantGroup;
			children = (
				2CA924451B3D393A00D577E8 /* Base */,
			);
			name = Main.storyboard;
			sourceTree = "<group>";
		};
		2CA924491B3D393A00D577E8 /* LaunchScreen.storyboard */ = {
			isa = PBXVariantGroup;
			children = (
				2CA9244A1B3D393A00D577E8 /* Base */,
			);
			name = LaunchScreen.storyboard;
			sourceTree = "<group>";
		};
/* End PBXVariantGroup section */

/* Begin XCBuildConfiguration section */
		2CA924631B3D393A00D577E8 /* Debug */ = {
			isa = XCBuildConfiguration;
			buildSettings = {
				ALWAYS_SEARCH_USER_PATHS = NO;
				CLANG_CXX_LANGUAGE_STANDARD = "gnu++0x";
				CLANG_CXX_LIBRARY = "libc++";
				CLANG_ENABLE_MODULES = YES;
				CLANG_ENABLE_OBJC_ARC = YES;
				CLANG_WARN_BOOL_CONVERSION = YES;
				CLANG_WARN_CONSTANT_CONVERSION = YES;
				CLANG_WARN_DIRECT_OBJC_ISA_USAGE = YES_ERROR;
				CLANG_WARN_EMPTY_BODY = YES;
				CLANG_WARN_ENUM_CONVERSION = YES;
				CLANG_WARN_INT_CONVERSION = YES;
				CLANG_WARN_OBJC_ROOT_CLASS = YES_ERROR;
				CLANG_WARN_UNREACHABLE_CODE = YES;
				CLANG_WARN__DUPLICATE_METHOD_MATCH = YES;
				"CODE_SIGN_IDENTITY[sdk=iphoneos*]" = "iPhone Developer";
				COPY_PHASE_STRIP = NO;
				DEBUG_INFORMATION_FORMAT = dwarf;
				ENABLE_STRICT_OBJC_MSGSEND = YES;
				ENABLE_TESTABILITY = YES;
				GCC_C_LANGUAGE_STANDARD = gnu99;
				GCC_DYNAMIC_NO_PIC = NO;
				GCC_NO_COMMON_BLOCKS = YES;
				GCC_OPTIMIZATION_LEVEL = 0;
				GCC_PREPROCESSOR_DEFINITIONS = (
					"DEBUG=1",
					"$(inherited)",
				);
				GCC_WARN_64_TO_32_BIT_CONVERSION = YES;
				GCC_WARN_ABOUT_RETURN_TYPE = YES_ERROR;
				GCC_WARN_UNDECLARED_SELECTOR = YES;
				GCC_WARN_UNINITIALIZED_AUTOS = YES_AGGRESSIVE;
				GCC_WARN_UNUSED_FUNCTION = YES;
				GCC_WARN_UNUSED_VARIABLE = YES;
				IPHONEOS_DEPLOYMENT_TARGET = 9.0;
				MTL_ENABLE_DEBUG_INFO = YES;
				ONLY_ACTIVE_ARCH = YES;
				SDKROOT = iphoneos;
				SWIFT_OPTIMIZATION_LEVEL = "-Onone";
				TARGETED_DEVICE_FAMILY = "1,2";
			};
			name = Debug;
		};
		2CA924641B3D393A00D577E8 /* Release */ = {
			isa = XCBuildConfiguration;
			buildSettings = {
				ALWAYS_SEARCH_USER_PATHS = NO;
				CLANG_CXX_LANGUAGE_STANDARD = "gnu++0x";
				CLANG_CXX_LIBRARY = "libc++";
				CLANG_ENABLE_MODULES = YES;
				CLANG_ENABLE_OBJC_ARC = YES;
				CLANG_WARN_BOOL_CONVERSION = YES;
				CLANG_WARN_CONSTANT_CONVERSION = YES;
				CLANG_WARN_DIRECT_OBJC_ISA_USAGE = YES_ERROR;
				CLANG_WARN_EMPTY_BODY = YES;
				CLANG_WARN_ENUM_CONVERSION = YES;
				CLANG_WARN_INT_CONVERSION = YES;
				CLANG_WARN_OBJC_ROOT_CLASS = YES_ERROR;
				CLANG_WARN_UNREACHABLE_CODE = YES;
				CLANG_WARN__DUPLICATE_METHOD_MATCH = YES;
				"CODE_SIGN_IDENTITY[sdk=iphoneos*]" = "iPhone Developer";
				COPY_PHASE_STRIP = NO;
				DEBUG_INFORMATION_FORMAT = "dwarf-with-dsym";
				ENABLE_NS_ASSERTIONS = NO;
				ENABLE_STRICT_OBJC_MSGSEND = YES;
				GCC_C_LANGUAGE_STANDARD = gnu99;
				GCC_NO_COMMON_BLOCKS = YES;
				GCC_WARN_64_TO_32_BIT_CONVERSION = YES;
				GCC_WARN_ABOUT_RETURN_TYPE = YES_ERROR;
				GCC_WARN_UNDECLARED_SELECTOR = YES;
				GCC_WARN_UNINITIALIZED_AUTOS = YES_AGGRESSIVE;
				GCC_WARN_UNUSED_FUNCTION = YES;
				GCC_WARN_UNUSED_VARIABLE = YES;
				IPHONEOS_DEPLOYMENT_TARGET = 9.0;
				MTL_ENABLE_DEBUG_INFO = NO;
				SDKROOT = iphoneos;
				TARGETED_DEVICE_FAMILY = "1,2";
				VALIDATE_PRODUCT = YES;
			};
			name = Release;
		};
		2CA924661B3D393A00D577E8 /* Debug */ = {
			isa = XCBuildConfiguration;
			buildSettings = {
				ASSETCATALOG_COMPILER_APPICON_NAME = AppIcon;
				INFOPLIST_FILE = TextEdit/Info.plist;
				LD_RUNPATH_SEARCH_PATHS = "$(inherited) @executable_path/Frameworks";
				PRODUCT_BUNDLE_IDENTIFIER = com.botai.TextEdit;
				PRODUCT_NAME = "$(TARGET_NAME)";
			};
			name = Debug;
		};
		2CA924671B3D393A00D577E8 /* Release */ = {
			isa = XCBuildConfiguration;
			buildSettings = {
				ASSETCATALOG_COMPILER_APPICON_NAME = AppIcon;
				INFOPLIST_FILE = TextEdit/Info.plist;
				LD_RUNPATH_SEARCH_PATHS = "$(inherited) @executable_path/Frameworks";
				PRODUCT_BUNDLE_IDENTIFIER = com.botai.TextEdit;
				PRODUCT_NAME = "$(TARGET_NAME)";
			};
			name = Release;
		};
		2CA924691B3D393A00D577E8 /* Debug */ = {
			isa = XCBuildConfiguration;
			buildSettings = {
				BUNDLE_LOADER = "$(TEST_HOST)";
				INFOPLIST_FILE = TextEditTests/Info.plist;
				LD_RUNPATH_SEARCH_PATHS = "$(inherited) @executable_path/Frameworks @loader_path/Frameworks";
				PRODUCT_BUNDLE_IDENTIFIER = com.botai.TextEditTests;
				PRODUCT_NAME = "$(TARGET_NAME)";
				TEST_HOST = "$(BUILT_PRODUCTS_DIR)/TextEdit.app/TextEdit";
			};
			name = Debug;
		};
		2CA9246A1B3D393A00D577E8 /* Release */ = {
			isa = XCBuildConfiguration;
			buildSettings = {
				BUNDLE_LOADER = "$(TEST_HOST)";
				INFOPLIST_FILE = TextEditTests/Info.plist;
				LD_RUNPATH_SEARCH_PATHS = "$(inherited) @executable_path/Frameworks @loader_path/Frameworks";
				PRODUCT_BUNDLE_IDENTIFIER = com.botai.TextEditTests;
				PRODUCT_NAME = "$(TARGET_NAME)";
				TEST_HOST = "$(BUILT_PRODUCTS_DIR)/TextEdit.app/TextEdit";
			};
			name = Release;
		};
		2CA9246C1B3D393A00D577E8 /* Debug */ = {
			isa = XCBuildConfiguration;
			buildSettings = {
				INFOPLIST_FILE = TextEditUITests/Info.plist;
				LD_RUNPATH_SEARCH_PATHS = "$(inherited) @executable_path/Frameworks @loader_path/Frameworks";
				PRODUCT_BUNDLE_IDENTIFIER = com.botai.TextEditUITests;
				PRODUCT_NAME = "$(TARGET_NAME)";
				TEST_TARGET_NAME = TextEdit;
				USES_XCTRUNNER = YES;
			};
			name = Debug;
		};
		2CA9246D1B3D393A00D577E8 /* Release */ = {
			isa = XCBuildConfiguration;
			buildSettings = {
				INFOPLIST_FILE = TextEditUITests/Info.plist;
				LD_RUNPATH_SEARCH_PATHS = "$(inherited) @executable_path/Frameworks @loader_path/Frameworks";
				PRODUCT_BUNDLE_IDENTIFIER = com.botai.TextEditUITests;
				PRODUCT_NAME = "$(TARGET_NAME)";
				TEST_TARGET_NAME = TextEdit;
				USES_XCTRUNNER = YES;
			};
			name = Release;
		};
/* End XCBuildConfiguration section */

/* Begin XCConfigurationList section */
		2CA924381B3D393A00D577E8 /* Build configuration list for PBXProject "TextEdit" */ = {
			isa = XCConfigurationList;
			buildConfigurations = (
				2CA924631B3D393A00D577E8 /* Debug */,
				2CA924641B3D393A00D577E8 /* Release */,
			);
			defaultConfigurationIsVisible = 0;
			defaultConfigurationName = Release;
		};
		2CA924651B3D393A00D577E8 /* Build configuration list for PBXNativeTarget "TextEdit" */ = {
			isa = XCConfigurationList;
			buildConfigurations = (
				2CA924661B3D393A00D577E8 /* Debug */,
				2CA924671B3D393A00D577E8 /* Release */,
			);
			defaultConfigurationIsVisible = 0;
			defaultConfigurationName = Release;
		};
		2CA924681B3D393A00D577E8 /* Build configuration list for PBXNativeTarget "TextEditTests" */ = {
			isa = XCConfigurationList;
			buildConfigurations = (
				2CA924691B3D393A00D577E8 /* Debug */,
				2CA9246A1B3D393A00D577E8 /* Release */,
			);
			defaultConfigurationIsVisible = 0;
			defaultConfigurationName = Release;
		};
		2CA9246B1B3D393A00D577E8 /* Build configuration list for PBXNativeTarget "TextEditUITests" */ = {
			isa = XCConfigurationList;
			buildConfigurations = (
				2CA9246C1B3D393A00D577E8 /* Debug */,
				2CA9246D1B3D393A00D577E8 /* Release */,
			);
			defaultConfigurationIsVisible = 0;
			defaultConfigurationName = Release;
		};
/* End XCConfigurationList section */
	};
	rootObject = 2CA924351B3D393A00D577E8 /* Project object */;
}
