// !$*UTF8*$!
{
	archiveVersion = 1;
	classes = {
	};
	objectVersion = 46;
	objects = {

/* Begin PBXBuildFile section */
		2CFB72DC1B2A7F2400C340A0 /* AppDelegate.swift in Sources */ = {isa = PBXBuildFile; fileRef = 2CFB72DB1B2A7F2400C340A0 /* AppDelegate.swift */; };
		2CFB72DE1B2A7F2400C340A0 /* ViewController.swift in Sources */ = {isa = PBXBuildFile; fileRef = 2CFB72DD1B2A7F2400C340A0 /* ViewController.swift */; };
		2CFB72E11B2A7F2400C340A0 /* Main.storyboard in Resources */ = {isa = PBXBuildFile; fileRef = 2CFB72DF1B2A7F2400C340A0 /* Main.storyboard */; };
		2CFB72E31B2A7F2400C340A0 /* Images.xcassets in Resources */ = {isa = PBXBuildFile; fileRef = 2CFB72E21B2A7F2400C340A0 /* Images.xcassets */; };
		2CFB72E61B2A7F2400C340A0 /* LaunchScreen.xib in Resources */ = {isa = PBXBuildFile; fileRef = 2CFB72E41B2A7F2400C340A0 /* LaunchScreen.xib */; };
		2CFB72F21B2A7F2400C340A0 /* autoLayoutCollectionViewTests.swift in Sources */ = {isa = PBXBuildFile; fileRef = 2CFB72F11B2A7F2400C340A0 /* autoLayoutCollectionViewTests.swift */; };
/* End PBXBuildFile section */

/* Begin PBXContainerItemProxy section */
		2CFB72EC1B2A7F2400C340A0 /* PBXContainerItemProxy */ = {
			isa = PBXContainerItemProxy;
			containerPortal = 2CFB72CE1B2A7F2400C340A0 /* Project object */;
			proxyType = 1;
			remoteGlobalIDString = 2CFB72D51B2A7F2400C340A0;
			remoteInfo = autoLayoutCollectionView;
		};
/* End PBXContainerItemProxy section */

/* Begin PBXFileReference section */
		2CFB72D61B2A7F2400C340A0 /* autoLayoutCollectionView.app */ = {isa = PBXFileReference; explicitFileType = wrapper.application; includeInIndex = 0; path = autoLayoutCollectionView.app; sourceTree = BUILT_PRODUCTS_DIR; };
		2CFB72DA1B2A7F2400C340A0 /* Info.plist */ = {isa = PBXFileReference; lastKnownFileType = text.plist.xml; path = Info.plist; sourceTree = "<group>"; };
		2CFB72DB1B2A7F2400C340A0 /* AppDelegate.swift */ = {isa = PBXFileReference; lastKnownFileType = sourcecode.swift; path = AppDelegate.swift; sourceTree = "<group>"; };
		2CFB72DD1B2A7F2400C340A0 /* ViewController.swift */ = {isa = PBXFileReference; lastKnownFileType = sourcecode.swift; path = ViewController.swift; sourceTree = "<group>"; };
		2CFB72E01B2A7F2400C340A0 /* Base */ = {isa = PBXFileReference; lastKnownFileType = file.storyboard; name = Base; path = Base.lproj/Main.storyboard; sourceTree = "<group>"; };
		2CFB72E21B2A7F2400C340A0 /* Images.xcassets */ = {isa = PBXFileReference; lastKnownFileType = folder.assetcatalog; path = Images.xcassets; sourceTree = "<group>"; };
		2CFB72E51B2A7F2400C340A0 /* Base */ = {isa = PBXFileReference; lastKnownFileType = file.xib; name = Base; path = Base.lproj/LaunchScreen.xib; sourceTree = "<group>"; };
		2CFB72EB1B2A7F2400C340A0 /* autoLayoutCollectionViewTests.xctest */ = {isa = PBXFileReference; explicitFileType = wrapper.cfbundle; includeInIndex = 0; path = autoLayoutCollectionViewTests.xctest; sourceTree = BUILT_PRODUCTS_DIR; };
		2CFB72F01B2A7F2400C340A0 /* Info.plist */ = {isa = PBXFileReference; lastKnownFileType = text.plist.xml; path = Info.plist; sourceTree = "<group>"; };
		2CFB72F11B2A7F2400C340A0 /* autoLayoutCollectionViewTests.swift */ = {isa = PBXFileReference; lastKnownFileType = sourcecode.swift; path = autoLayoutCollectionViewTests.swift; sourceTree = "<group>"; };
/* End PBXFileReference section */

/* Begin PBXFrameworksBuildPhase section */
		2CFB72D31B2A7F2400C340A0 /* Frameworks */ = {
			isa = PBXFrameworksBuildPhase;
			buildActionMask = 2147483647;
			files = (
			);
			runOnlyForDeploymentPostprocessing = 0;
		};
		2CFB72E81B2A7F2400C340A0 /* Frameworks */ = {
			isa = PBXFrameworksBuildPhase;
			buildActionMask = 2147483647;
			files = (
			);
			runOnlyForDeploymentPostprocessing = 0;
		};
/* End PBXFrameworksBuildPhase section */

/* Begin PBXGroup section */
		2CFB72CD1B2A7F2400C340A0 = {
			isa = PBXGroup;
			children = (
				2CFB72D81B2A7F2400C340A0 /* autoLayoutCollectionView */,
				2CFB72EE1B2A7F2400C340A0 /* autoLayoutCollectionViewTests */,
				2CFB72D71B2A7F2400C340A0 /* Products */,
			);
			sourceTree = "<group>";
		};
		2CFB72D71B2A7F2400C340A0 /* Products */ = {
			isa = PBXGroup;
			children = (
				2CFB72D61B2A7F2400C340A0 /* autoLayoutCollectionView.app */,
				2CFB72EB1B2A7F2400C340A0 /* autoLayoutCollectionViewTests.xctest */,
			);
			name = Products;
			sourceTree = "<group>";
		};
		2CFB72D81B2A7F2400C340A0 /* autoLayoutCollectionView */ = {
			isa = PBXGroup;
			children = (
				2CFB72DB1B2A7F2400C340A0 /* AppDelegate.swift */,
				2CFB72DD1B2A7F2400C340A0 /* ViewController.swift */,
				2CFB72DF1B2A7F2400C340A0 /* Main.storyboard */,
				2CFB72E21B2A7F2400C340A0 /* Images.xcassets */,
				2CFB72E41B2A7F2400C340A0 /* LaunchScreen.xib */,
				2CFB72D91B2A7F2400C340A0 /* Supporting Files */,
			);
			path = autoLayoutCollectionView;
			sourceTree = "<group>";
		};
		2CFB72D91B2A7F2400C340A0 /* Supporting Files */ = {
			isa = PBXGroup;
			children = (
				2CFB72DA1B2A7F2400C340A0 /* Info.plist */,
			);
			name = "Supporting Files";
			sourceTree = "<group>";
		};
		2CFB72EE1B2A7F2400C340A0 /* autoLayoutCollectionViewTests */ = {
			isa = PBXGroup;
			children = (
				2CFB72F11B2A7F2400C340A0 /* autoLayoutCollectionViewTests.swift */,
				2CFB72EF1B2A7F2400C340A0 /* Supporting Files */,
			);
			path = autoLayoutCollectionViewTests;
			sourceTree = "<group>";
		};
		2CFB72EF1B2A7F2400C340A0 /* Supporting Files */ = {
			isa = PBXGroup;
			children = (
				2CFB72F01B2A7F2400C340A0 /* Info.plist */,
			);
			name = "Supporting Files";
			sourceTree = "<group>";
		};
/* End PBXGroup section */

/* Begin PBXNativeTarget section */
		2CFB72D51B2A7F2400C340A0 /* autoLayoutCollectionView */ = {
			isa = PBXNativeTarget;
			buildConfigurationList = 2CFB72F51B2A7F2400C340A0 /* Build configuration list for PBXNativeTarget "autoLayoutCollectionView" */;
			buildPhases = (
				2CFB72D21B2A7F2400C340A0 /* Sources */,
				2CFB72D31B2A7F2400C340A0 /* Frameworks */,
				2CFB72D41B2A7F2400C340A0 /* Resources */,
			);
			buildRules = (
			);
			dependencies = (
			);
			name = autoLayoutCollectionView;
			productName = autoLayoutCollectionView;
			productReference = 2CFB72D61B2A7F2400C340A0 /* autoLayoutCollectionView.app */;
			productType = "com.apple.product-type.application";
		};
		2CFB72EA1B2A7F2400C340A0 /* autoLayoutCollectionViewTests */ = {
			isa = PBXNativeTarget;
			buildConfigurationList = 2CFB72F81B2A7F2400C340A0 /* Build configuration list for PBXNativeTarget "autoLayoutCollectionViewTests" */;
			buildPhases = (
				2CFB72E71B2A7F2400C340A0 /* Sources */,
				2CFB72E81B2A7F2400C340A0 /* Frameworks */,
				2CFB72E91B2A7F2400C340A0 /* Resources */,
			);
			buildRules = (
			);
			dependencies = (
				2CFB72ED1B2A7F2400C340A0 /* PBXTargetDependency */,
			);
			name = autoLayoutCollectionViewTests;
			productName = autoLayoutCollectionViewTests;
			productReference = 2CFB72EB1B2A7F2400C340A0 /* autoLayoutCollectionViewTests.xctest */;
			productType = "com.apple.product-type.bundle.unit-test";
		};
/* End PBXNativeTarget section */

/* Begin PBXProject section */
		2CFB72CE1B2A7F2400C340A0 /* Project object */ = {
			isa = PBXProject;
			attributes = {
				LastUpgradeCheck = 0630;
				ORGANIZATIONNAME = "BoTai Technology";
				TargetAttributes = {
					2CFB72D51B2A7F2400C340A0 = {
						CreatedOnToolsVersion = 6.3.2;
					};
					2CFB72EA1B2A7F2400C340A0 = {
						CreatedOnToolsVersion = 6.3.2;
						TestTargetID = 2CFB72D51B2A7F2400C340A0;
					};
				};
			};
			buildConfigurationList = 2CFB72D11B2A7F2400C340A0 /* Build configuration list for PBXProject "autoLayoutCollectionView" */;
			compatibilityVersion = "Xcode 3.2";
			developmentRegion = English;
			hasScannedForEncodings = 0;
			knownRegions = (
				en,
				Base,
			);
			mainGroup = 2CFB72CD1B2A7F2400C340A0;
			productRefGroup = 2CFB72D71B2A7F2400C340A0 /* Products */;
			projectDirPath = "";
			projectRoot = "";
			targets = (
				2CFB72D51B2A7F2400C340A0 /* autoLayoutCollectionView */,
				2CFB72EA1B2A7F2400C340A0 /* autoLayoutCollectionViewTests */,
			);
		};
/* End PBXProject section */

/* Begin PBXResourcesBuildPhase section */
		2CFB72D41B2A7F2400C340A0 /* Resources */ = {
			isa = PBXResourcesBuildPhase;
			buildActionMask = 2147483647;
			files = (
				2CFB72E11B2A7F2400C340A0 /* Main.storyboard in Resources */,
				2CFB72E61B2A7F2400C340A0 /* LaunchScreen.xib in Resources */,
				2CFB72E31B2A7F2400C340A0 /* Images.xcassets in Resources */,
			);
			runOnlyForDeploymentPostprocessing = 0;
		};
		2CFB72E91B2A7F2400C340A0 /* Resources */ = {
			isa = PBXResourcesBuildPhase;
			buildActionMask = 2147483647;
			files = (
			);
			runOnlyForDeploymentPostprocessing = 0;
		};
/* End PBXResourcesBuildPhase section */

/* Begin PBXSourcesBuildPhase section */
		2CFB72D21B2A7F2400C340A0 /* Sources */ = {
			isa = PBXSourcesBuildPhase;
			buildActionMask = 2147483647;
			files = (
				2CFB72DE1B2A7F2400C340A0 /* ViewController.swift in Sources */,
				2CFB72DC1B2A7F2400C340A0 /* AppDelegate.swift in Sources */,
			);
			runOnlyForDeploymentPostprocessing = 0;
		};
		2CFB72E71B2A7F2400C340A0 /* Sources */ = {
			isa = PBXSourcesBuildPhase;
			buildActionMask = 2147483647;
			files = (
				2CFB72F21B2A7F2400C340A0 /* autoLayoutCollectionViewTests.swift in Sources */,
			);
			runOnlyForDeploymentPostprocessing = 0;
		};
/* End PBXSourcesBuildPhase section */

/* Begin PBXTargetDependency section */
		2CFB72ED1B2A7F2400C340A0 /* PBXTargetDependency */ = {
			isa = PBXTargetDependency;
			target = 2CFB72D51B2A7F2400C340A0 /* autoLayoutCollectionView */;
			targetProxy = 2CFB72EC1B2A7F2400C340A0 /* PBXContainerItemProxy */;
		};
/* End PBXTargetDependency section */

/* Begin PBXVariantGroup section */
		2CFB72DF1B2A7F2400C340A0 /* Main.storyboard */ = {
			isa = PBXVariantGroup;
			children = (
				2CFB72E01B2A7F2400C340A0 /* Base */,
			);
			name = Main.storyboard;
			sourceTree = "<group>";
		};
		2CFB72E41B2A7F2400C340A0 /* LaunchScreen.xib */ = {
			isa = PBXVariantGroup;
			children = (
				2CFB72E51B2A7F2400C340A0 /* Base */,
			);
			name = LaunchScreen.xib;
			sourceTree = "<group>";
		};
/* End PBXVariantGroup section */

/* Begin XCBuildConfiguration section */
		2CFB72F31B2A7F2400C340A0 /* Debug */ = {
			isa = XCBuildConfiguration;
			buildSettings = {
				ALWAYS_SEARCH_USER_PATHS = NO;
				CLANG_CXX_LANGUAGE_STANDARD = "gnu++0x";
				CLANG_CXX_LIBRARY = "libc++";
				CLANG_ENABLE_MODULES = YES;
				CLANG_ENABLE_OBJC_ARC = YES;
				CLANG_WARN_BOOL_CONVERSION = YES;
				CLANG_WARN_CONSTANT_CONVERSION = YES;
				CLANG_WARN_DIRECT_OBJC_ISA_USAGE = YES_ERROR;
				CLANG_WARN_EMPTY_BODY = YES;
				CLANG_WARN_ENUM_CONVERSION = YES;
				CLANG_WARN_INT_CONVERSION = YES;
				CLANG_WARN_OBJC_ROOT_CLASS = YES_ERROR;
				CLANG_WARN_UNREACHABLE_CODE = YES;
				CLANG_WARN__DUPLICATE_METHOD_MATCH = YES;
				"CODE_SIGN_IDENTITY[sdk=iphoneos*]" = "iPhone Developer";
				COPY_PHASE_STRIP = NO;
				DEBUG_INFORMATION_FORMAT = "dwarf-with-dsym";
				ENABLE_STRICT_OBJC_MSGSEND = YES;
				GCC_C_LANGUAGE_STANDARD = gnu99;
				GCC_DYNAMIC_NO_PIC = NO;
				GCC_NO_COMMON_BLOCKS = YES;
				GCC_OPTIMIZATION_LEVEL = 0;
				GCC_PREPROCESSOR_DEFINITIONS = (
					"DEBUG=1",
					"$(inherited)",
				);
				GCC_SYMBOLS_PRIVATE_EXTERN = NO;
				GCC_WARN_64_TO_32_BIT_CONVERSION = YES;
				GCC_WARN_ABOUT_RETURN_TYPE = YES_ERROR;
				GCC_WARN_UNDECLARED_SELECTOR = YES;
				GCC_WARN_UNINITIALIZED_AUTOS = YES_AGGRESSIVE;
				GCC_WARN_UNUSED_FUNCTION = YES;
				GCC_WARN_UNUSED_VARIABLE = YES;
				IPHONEOS_DEPLOYMENT_TARGET = 8.3;
				MTL_ENABLE_DEBUG_INFO = YES;
				ONLY_ACTIVE_ARCH = YES;
				SDKROOT = iphoneos;
				SWIFT_OPTIMIZATION_LEVEL = "-Onone";
				TARGETED_DEVICE_FAMILY = "1,2";
			};
			name = Debug;
		};
		2CFB72F41B2A7F2400C340A0 /* Release */ = {
			isa = XCBuildConfiguration;
			buildSettings = {
				ALWAYS_SEARCH_USER_PATHS = NO;
				CLANG_CXX_LANGUAGE_STANDARD = "gnu++0x";
				CLANG_CXX_LIBRARY = "libc++";
				CLANG_ENABLE_MODULES = YES;
				CLANG_ENABLE_OBJC_ARC = YES;
				CLANG_WARN_BOOL_CONVERSION = YES;
				CLANG_WARN_CONSTANT_CONVERSION = YES;
				CLANG_WARN_DIRECT_OBJC_ISA_USAGE = YES_ERROR;
				CLANG_WARN_EMPTY_BODY = YES;
				CLANG_WARN_ENUM_CONVERSION = YES;
				CLANG_WARN_INT_CONVERSION = YES;
				CLANG_WARN_OBJC_ROOT_CLASS = YES_ERROR;
				CLANG_WARN_UNREACHABLE_CODE = YES;
				CLANG_WARN__DUPLICATE_METHOD_MATCH = YES;
				"CODE_SIGN_IDENTITY[sdk=iphoneos*]" = "iPhone Developer";
				COPY_PHASE_STRIP = NO;
				DEBUG_INFORMATION_FORMAT = "dwarf-with-dsym";
				ENABLE_NS_ASSERTIONS = NO;
				ENABLE_STRICT_OBJC_MSGSEND = YES;
				GCC_C_LANGUAGE_STANDARD = gnu99;
				GCC_NO_COMMON_BLOCKS = YES;
				GCC_WARN_64_TO_32_BIT_CONVERSION = YES;
				GCC_WARN_ABOUT_RETURN_TYPE = YES_ERROR;
				GCC_WARN_UNDECLARED_SELECTOR = YES;
				GCC_WARN_UNINITIALIZED_AUTOS = YES_AGGRESSIVE;
				GCC_WARN_UNUSED_FUNCTION = YES;
				GCC_WARN_UNUSED_VARIABLE = YES;
				IPHONEOS_DEPLOYMENT_TARGET = 8.3;
				MTL_ENABLE_DEBUG_INFO = NO;
				SDKROOT = iphoneos;
				TARGETED_DEVICE_FAMILY = "1,2";
				VALIDATE_PRODUCT = YES;
			};
			name = Release;
		};
		2CFB72F61B2A7F2400C340A0 /* Debug */ = {
			isa = XCBuildConfiguration;
			buildSettings = {
				ASSETCATALOG_COMPILER_APPICON_NAME = AppIcon;
				INFOPLIST_FILE = autoLayoutCollectionView/Info.plist;
				LD_RUNPATH_SEARCH_PATHS = "$(inherited) @executable_path/Frameworks";
				PRODUCT_NAME = "$(TARGET_NAME)";
			};
			name = Debug;
		};
		2CFB72F71B2A7F2400C340A0 /* Release */ = {
			isa = XCBuildConfiguration;
			buildSettings = {
				ASSETCATALOG_COMPILER_APPICON_NAME = AppIcon;
				INFOPLIST_FILE = autoLayoutCollectionView/Info.plist;
				LD_RUNPATH_SEARCH_PATHS = "$(inherited) @executable_path/Frameworks";
				PRODUCT_NAME = "$(TARGET_NAME)";
			};
			name = Release;
		};
		2CFB72F91B2A7F2400C340A0 /* Debug */ = {
			isa = XCBuildConfiguration;
			buildSettings = {
				BUNDLE_LOADER = "$(TEST_HOST)";
				FRAMEWORK_SEARCH_PATHS = (
					"$(SDKROOT)/Developer/Library/Frameworks",
					"$(inherited)",
				);
				GCC_PREPROCESSOR_DEFINITIONS = (
					"DEBUG=1",
					"$(inherited)",
				);
				INFOPLIST_FILE = autoLayoutCollectionViewTests/Info.plist;
				LD_RUNPATH_SEARCH_PATHS = "$(inherited) @executable_path/Frameworks @loader_path/Frameworks";
				PRODUCT_NAME = "$(TARGET_NAME)";
				TEST_HOST = "$(BUILT_PRODUCTS_DIR)/autoLayoutCollectionView.app/autoLayoutCollectionView";
			};
			name = Debug;
		};
		2CFB72FA1B2A7F2400C340A0 /* Release */ = {
			isa = XCBuildConfiguration;
			buildSettings = {
				BUNDLE_LOADER = "$(TEST_HOST)";
				FRAMEWORK_SEARCH_PATHS = (
					"$(SDKROOT)/Developer/Library/Frameworks",
					"$(inherited)",
				);
				INFOPLIST_FILE = autoLayoutCollectionViewTests/Info.plist;
				LD_RUNPATH_SEARCH_PATHS = "$(inherited) @executable_path/Frameworks @loader_path/Frameworks";
				PRODUCT_NAME = "$(TARGET_NAME)";
				TEST_HOST = "$(BUILT_PRODUCTS_DIR)/autoLayoutCollectionView.app/autoLayoutCollectionView";
			};
			name = Release;
		};
/* End XCBuildConfiguration section */

/* Begin XCConfigurationList section */
		2CFB72D11B2A7F2400C340A0 /* Build configuration list for PBXProject "autoLayoutCollectionView" */ = {
			isa = XCConfigurationList;
			buildConfigurations = (
				2CFB72F31B2A7F2400C340A0 /* Debug */,
				2CFB72F41B2A7F2400C340A0 /* Release */,
			);
			defaultConfigurationIsVisible = 0;
			defaultConfigurationName = Release;
		};
		2CFB72F51B2A7F2400C340A0 /* Build configuration list for PBXNativeTarget "autoLayoutCollectionView" */ = {
			isa = XCConfigurationList;
			buildConfigurations = (
				2CFB72F61B2A7F2400C340A0 /* Debug */,
				2CFB72F71B2A7F2400C340A0 /* Release */,
			);
			defaultConfigurationIsVisible = 0;
		};
		2CFB72F81B2A7F2400C340A0 /* Build configuration list for PBXNativeTarget "autoLayoutCollectionViewTests" */ = {
			isa = XCConfigurationList;
			buildConfigurations = (
				2CFB72F91B2A7F2400C340A0 /* Debug */,
				2CFB72FA1B2A7F2400C340A0 /* Release */,
			);
			defaultConfigurationIsVisible = 0;
		};
/* End XCConfigurationList section */
	};
	rootObject = 2CFB72CE1B2A7F2400C340A0 /* Project object */;
}
